// !$*UTF8*$!
{
	archiveVersion = 1;
	classes = {
	};
	objectVersion = 50;
	objects = {

/* Begin PBXBuildFile section */
		11A63D5E255AA52A00BEF1FE /* AppDelegate.swift in Sources */ = {isa = PBXBuildFile; fileRef = 11A63D5D255AA52A00BEF1FE /* AppDelegate.swift */; };
		11A63D60255AA52A00BEF1FE /* SceneDelegate.swift in Sources */ = {isa = PBXBuildFile; fileRef = 11A63D5F255AA52A00BEF1FE /* SceneDelegate.swift */; };
		11A63D62255AA52A00BEF1FE /* ViewController.swift in Sources */ = {isa = PBXBuildFile; fileRef = 11A63D61255AA52A00BEF1FE /* ViewController.swift */; };
		11A63D65255AA52A00BEF1FE /* Main.storyboard in Resources */ = {isa = PBXBuildFile; fileRef = 11A63D63255AA52A00BEF1FE /* Main.storyboard */; };
		11A63D67255AA52D00BEF1FE /* Assets.xcassets in Resources */ = {isa = PBXBuildFile; fileRef = 11A63D66255AA52D00BEF1FE /* Assets.xcassets */; };
		11A63D6A255AA52D00BEF1FE /* LaunchScreen.storyboard in Resources */ = {isa = PBXBuildFile; fileRef = 11A63D68255AA52D00BEF1FE /* LaunchScreen.storyboard */; };
		11A63D75255AA52D00BEF1FE /* ShoppingListTests.swift in Sources */ = {isa = PBXBuildFile; fileRef = 11A63D74255AA52D00BEF1FE /* ShoppingListTests.swift */; };
		11A63D80255AA52D00BEF1FE /* ShoppingListUITests.swift in Sources */ = {isa = PBXBuildFile; fileRef = 11A63D7F255AA52D00BEF1FE /* ShoppingListUITests.swift */; };
/* End PBXBuildFile section */

/* Begin PBXContainerItemProxy section */
		11A63D71255AA52D00BEF1FE /* PBXContainerItemProxy */ = {
			isa = PBXContainerItemProxy;
			containerPortal = 11A63D52255AA52A00BEF1FE /* Project object */;
			proxyType = 1;
			remoteGlobalIDString = 11A63D59255AA52A00BEF1FE;
			remoteInfo = ShoppingList;
		};
		11A63D7C255AA52D00BEF1FE /* PBXContainerItemProxy */ = {
			isa = PBXContainerItemProxy;
			containerPortal = 11A63D52255AA52A00BEF1FE /* Project object */;
			proxyType = 1;
			remoteGlobalIDString = 11A63D59255AA52A00BEF1FE;
			remoteInfo = ShoppingList;
		};
/* End PBXContainerItemProxy section */

/* Begin PBXFileReference section */
		11A63D5A255AA52A00BEF1FE /* ShoppingList.app */ = {isa = PBXFileReference; explicitFileType = wrapper.application; includeInIndex = 0; path = ShoppingList.app; sourceTree = BUILT_PRODUCTS_DIR; };
		11A63D5D255AA52A00BEF1FE /* AppDelegate.swift */ = {isa = PBXFileReference; lastKnownFileType = sourcecode.swift; path = AppDelegate.swift; sourceTree = "<group>"; };
		11A63D5F255AA52A00BEF1FE /* SceneDelegate.swift */ = {isa = PBXFileReference; lastKnownFileType = sourcecode.swift; path = SceneDelegate.swift; sourceTree = "<group>"; };
		11A63D61255AA52A00BEF1FE /* ViewController.swift */ = {isa = PBXFileReference; lastKnownFileType = sourcecode.swift; path = ViewController.swift; sourceTree = "<group>"; };
		11A63D64255AA52A00BEF1FE /* Base */ = {isa = PBXFileReference; lastKnownFileType = file.storyboard; name = Base; path = Base.lproj/Main.storyboard; sourceTree = "<group>"; };
		11A63D66255AA52D00BEF1FE /* Assets.xcassets */ = {isa = PBXFileReference; lastKnownFileType = folder.assetcatalog; path = Assets.xcassets; sourceTree = "<group>"; };
		11A63D69255AA52D00BEF1FE /* Base */ = {isa = PBXFileReference; lastKnownFileType = file.storyboard; name = Base; path = Base.lproj/LaunchScreen.storyboard; sourceTree = "<group>"; };
		11A63D6B255AA52D00BEF1FE /* Info.plist */ = {isa = PBXFileReference; lastKnownFileType = text.plist.xml; path = Info.plist; sourceTree = "<group>"; };
		11A63D70255AA52D00BEF1FE /* ShoppingListTests.xctest */ = {isa = PBXFileReference; explicitFileType = wrapper.cfbundle; includeInIndex = 0; path = ShoppingListTests.xctest; sourceTree = BUILT_PRODUCTS_DIR; };
		11A63D74255AA52D00BEF1FE /* ShoppingListTests.swift */ = {isa = PBXFileReference; lastKnownFileType = sourcecode.swift; path = ShoppingListTests.swift; sourceTree = "<group>"; };
		11A63D76255AA52D00BEF1FE /* Info.plist */ = {isa = PBXFileReference; lastKnownFileType = text.plist.xml; path = Info.plist; sourceTree = "<group>"; };
		11A63D7B255AA52D00BEF1FE /* ShoppingListUITests.xctest */ = {isa = PBXFileReference; explicitFileType = wrapper.cfbundle; includeInIndex = 0; path = ShoppingListUITests.xctest; sourceTree = BUILT_PRODUCTS_DIR; };
		11A63D7F255AA52D00BEF1FE /* ShoppingListUITests.swift */ = {isa = PBXFileReference; lastKnownFileType = sourcecode.swift; path = ShoppingListUITests.swift; sourceTree = "<group>"; };
		11A63D81255AA52D00BEF1FE /* Info.plist */ = {isa = PBXFileReference; lastKnownFileType = text.plist.xml; path = Info.plist; sourceTree = "<group>"; };
/* End PBXFileReference section */

/* Begin PBXFrameworksBuildPhase section */
		11A63D57255AA52A00BEF1FE /* Frameworks */ = {
			isa = PBXFrameworksBuildPhase;
			buildActionMask = 2147483647;
			files = (
			);
			runOnlyForDeploymentPostprocessing = 0;
		};
		11A63D6D255AA52D00BEF1FE /* Frameworks */ = {
			isa = PBXFrameworksBuildPhase;
			buildActionMask = 2147483647;
			files = (
			);
			runOnlyForDeploymentPostprocessing = 0;
		};
		11A63D78255AA52D00BEF1FE /* Frameworks */ = {
			isa = PBXFrameworksBuildPhase;
			buildActionMask = 2147483647;
			files = (
			);
			runOnlyForDeploymentPostprocessing = 0;
		};
/* End PBXFrameworksBuildPhase section */

/* Begin PBXGroup section */
		11A63D51255AA52A00BEF1FE = {
			isa = PBXGroup;
			children = (
				11A63D5C255AA52A00BEF1FE /* ShoppingList */,
				11A63D73255AA52D00BEF1FE /* ShoppingListTests */,
				11A63D7E255AA52D00BEF1FE /* ShoppingListUITests */,
				11A63D5B255AA52A00BEF1FE /* Products */,
			);
			sourceTree = "<group>";
		};
		11A63D5B255AA52A00BEF1FE /* Products */ = {
			isa = PBXGroup;
			children = (
				11A63D5A255AA52A00BEF1FE /* ShoppingList.app */,
				11A63D70255AA52D00BEF1FE /* ShoppingListTests.xctest */,
				11A63D7B255AA52D00BEF1FE /* ShoppingListUITests.xctest */,
			);
			name = Products;
			sourceTree = "<group>";
		};
		11A63D5C255AA52A00BEF1FE /* ShoppingList */ = {
			isa = PBXGroup;
			children = (
				11A63D5D255AA52A00BEF1FE /* AppDelegate.swift */,
				11A63D5F255AA52A00BEF1FE /* SceneDelegate.swift */,
				11A63D61255AA52A00BEF1FE /* ViewController.swift */,
				11A63D63255AA52A00BEF1FE /* Main.storyboard */,
				11A63D66255AA52D00BEF1FE /* Assets.xcassets */,
				11A63D68255AA52D00BEF1FE /* LaunchScreen.storyboard */,
				11A63D6B255AA52D00BEF1FE /* Info.plist */,
			);
			path = ShoppingList;
			sourceTree = "<group>";
		};
		11A63D73255AA52D00BEF1FE /* ShoppingListTests */ = {
			isa = PBXGroup;
			children = (
				11A63D74255AA52D00BEF1FE /* ShoppingListTests.swift */,
				11A63D76255AA52D00BEF1FE /* Info.plist */,
			);
			path = ShoppingListTests;
			sourceTree = "<group>";
		};
		11A63D7E255AA52D00BEF1FE /* ShoppingListUITests */ = {
			isa = PBXGroup;
			children = (
				11A63D7F255AA52D00BEF1FE /* ShoppingListUITests.swift */,
				11A63D81255AA52D00BEF1FE /* Info.plist */,
			);
			path = ShoppingListUITests;
			sourceTree = "<group>";
		};
/* End PBXGroup section */

/* Begin PBXNativeTarget section */
		11A63D59255AA52A00BEF1FE /* ShoppingList */ = {
			isa = PBXNativeTarget;
			buildConfigurationList = 11A63D84255AA52D00BEF1FE /* Build configuration list for PBXNativeTarget "ShoppingList" */;
			buildPhases = (
				11A63D56255AA52A00BEF1FE /* Sources */,
				11A63D57255AA52A00BEF1FE /* Frameworks */,
				11A63D58255AA52A00BEF1FE /* Resources */,
			);
			buildRules = (
			);
			dependencies = (
			);
			name = ShoppingList;
			productName = ShoppingList;
			productReference = 11A63D5A255AA52A00BEF1FE /* ShoppingList.app */;
			productType = "com.apple.product-type.application";
		};
		11A63D6F255AA52D00BEF1FE /* ShoppingListTests */ = {
			isa = PBXNativeTarget;
			buildConfigurationList = 11A63D87255AA52D00BEF1FE /* Build configuration list for PBXNativeTarget "ShoppingListTests" */;
			buildPhases = (
				11A63D6C255AA52D00BEF1FE /* Sources */,
				11A63D6D255AA52D00BEF1FE /* Frameworks */,
				11A63D6E255AA52D00BEF1FE /* Resources */,
			);
			buildRules = (
			);
			dependencies = (
				11A63D72255AA52D00BEF1FE /* PBXTargetDependency */,
			);
			name = ShoppingListTests;
			productName = ShoppingListTests;
			productReference = 11A63D70255AA52D00BEF1FE /* ShoppingListTests.xctest */;
			productType = "com.apple.product-type.bundle.unit-test";
		};
		11A63D7A255AA52D00BEF1FE /* ShoppingListUITests */ = {
			isa = PBXNativeTarget;
			buildConfigurationList = 11A63D8A255AA52D00BEF1FE /* Build configuration list for PBXNativeTarget "ShoppingListUITests" */;
			buildPhases = (
				11A63D77255AA52D00BEF1FE /* Sources */,
				11A63D78255AA52D00BEF1FE /* Frameworks */,
				11A63D79255AA52D00BEF1FE /* Resources */,
			);
			buildRules = (
			);
			dependencies = (
				11A63D7D255AA52D00BEF1FE /* PBXTargetDependency */,
			);
			name = ShoppingListUITests;
			productName = ShoppingListUITests;
			productReference = 11A63D7B255AA52D00BEF1FE /* ShoppingListUITests.xctest */;
			productType = "com.apple.product-type.bundle.ui-testing";
		};
/* End PBXNativeTarget section */

/* Begin PBXProject section */
		11A63D52255AA52A00BEF1FE /* Project object */ = {
			isa = PBXProject;
			attributes = {
				LastSwiftUpdateCheck = 1210;
				LastUpgradeCheck = 1210;
				TargetAttributes = {
					11A63D59255AA52A00BEF1FE = {
						CreatedOnToolsVersion = 12.1;
					};
					11A63D6F255AA52D00BEF1FE = {
						CreatedOnToolsVersion = 12.1;
						TestTargetID = 11A63D59255AA52A00BEF1FE;
					};
					11A63D7A255AA52D00BEF1FE = {
						CreatedOnToolsVersion = 12.1;
						TestTargetID = 11A63D59255AA52A00BEF1FE;
					};
				};
			};
			buildConfigurationList = 11A63D55255AA52A00BEF1FE /* Build configuration list for PBXProject "ShoppingList" */;
			compatibilityVersion = "Xcode 9.3";
			developmentRegion = en;
			hasScannedForEncodings = 0;
			knownRegions = (
				en,
				Base,
			);
			mainGroup = 11A63D51255AA52A00BEF1FE;
			productRefGroup = 11A63D5B255AA52A00BEF1FE /* Products */;
			projectDirPath = "";
			projectRoot = "";
			targets = (
				11A63D59255AA52A00BEF1FE /* ShoppingList */,
				11A63D6F255AA52D00BEF1FE /* ShoppingListTests */,
				11A63D7A255AA52D00BEF1FE /* ShoppingListUITests */,
			);
		};
/* End PBXProject section */

/* Begin PBXResourcesBuildPhase section */
		11A63D58255AA52A00BEF1FE /* Resources */ = {
			isa = PBXResourcesBuildPhase;
			buildActionMask = 2147483647;
			files = (
				11A63D6A255AA52D00BEF1FE /* LaunchScreen.storyboard in Resources */,
				11A63D67255AA52D00BEF1FE /* Assets.xcassets in Resources */,
				11A63D65255AA52A00BEF1FE /* Main.storyboard in Resources */,
			);
			runOnlyForDeploymentPostprocessing = 0;
		};
		11A63D6E255AA52D00BEF1FE /* Resources */ = {
			isa = PBXResourcesBuildPhase;
			buildActionMask = 2147483647;
			files = (
			);
			runOnlyForDeploymentPostprocessing = 0;
		};
		11A63D79255AA52D00BEF1FE /* Resources */ = {
			isa = PBXResourcesBuildPhase;
			buildActionMask = 2147483647;
			files = (
			);
			runOnlyForDeploymentPostprocessing = 0;
		};
/* End PBXResourcesBuildPhase section */

/* Begin PBXSourcesBuildPhase section */
		11A63D56255AA52A00BEF1FE /* Sources */ = {
			isa = PBXSourcesBuildPhase;
			buildActionMask = 2147483647;
			files = (
				11A63D62255AA52A00BEF1FE /* ViewController.swift in Sources */,
				11A63D5E255AA52A00BEF1FE /* AppDelegate.swift in Sources */,
				11A63D60255AA52A00BEF1FE /* SceneDelegate.swift in Sources */,
			);
			runOnlyForDeploymentPostprocessing = 0;
		};
		11A63D6C255AA52D00BEF1FE /* Sources */ = {
			isa = PBXSourcesBuildPhase;
			buildActionMask = 2147483647;
			files = (
				11A63D75255AA52D00BEF1FE /* ShoppingListTests.swift in Sources */,
			);
			runOnlyForDeploymentPostprocessing = 0;
		};
		11A63D77255AA52D00BEF1FE /* Sources */ = {
			isa = PBXSourcesBuildPhase;
			buildActionMask = 2147483647;
			files = (
				11A63D80255AA52D00BEF1FE /* ShoppingListUITests.swift in Sources */,
			);
			runOnlyForDeploymentPostprocessing = 0;
		};
/* End PBXSourcesBuildPhase section */

/* Begin PBXTargetDependency section */
		11A63D72255AA52D00BEF1FE /* PBXTargetDependency */ = {
			isa = PBXTargetDependency;
			target = 11A63D59255AA52A00BEF1FE /* ShoppingList */;
			targetProxy = 11A63D71255AA52D00BEF1FE /* PBXContainerItemProxy */;
		};
		11A63D7D255AA52D00BEF1FE /* PBXTargetDependency */ = {
			isa = PBXTargetDependency;
			target = 11A63D59255AA52A00BEF1FE /* ShoppingList */;
			targetProxy = 11A63D7C255AA52D00BEF1FE /* PBXContainerItemProxy */;
		};
/* End PBXTargetDependency section */

/* Begin PBXVariantGroup section */
		11A63D63255AA52A00BEF1FE /* Main.storyboard */ = {
			isa = PBXVariantGroup;
			children = (
				11A63D64255AA52A00BEF1FE /* Base */,
			);
			name = Main.storyboard;
			sourceTree = "<group>";
		};
		11A63D68255AA52D00BEF1FE /* LaunchScreen.storyboard */ = {
			isa = PBXVariantGroup;
			children = (
				11A63D69255AA52D00BEF1FE /* Base */,
			);
			name = LaunchScreen.storyboard;
			sourceTree = "<group>";
		};
/* End PBXVariantGroup section */

/* Begin XCBuildConfiguration section */
		11A63D82255AA52D00BEF1FE /* Debug */ = {
			isa = XCBuildConfiguration;
			buildSettings = {
				ALWAYS_SEARCH_USER_PATHS = NO;
				CLANG_ANALYZER_NONNULL = YES;
				CLANG_ANALYZER_NUMBER_OBJECT_CONVERSION = YES_AGGRESSIVE;
				CLANG_CXX_LANGUAGE_STANDARD = "gnu++14";
				CLANG_CXX_LIBRARY = "libc++";
				CLANG_ENABLE_MODULES = YES;
				CLANG_ENABLE_OBJC_ARC = YES;
				CLANG_ENABLE_OBJC_WEAK = YES;
				CLANG_WARN_BLOCK_CAPTURE_AUTORELEASING = YES;
				CLANG_WARN_BOOL_CONVERSION = YES;
				CLANG_WARN_COMMA = YES;
				CLANG_WARN_CONSTANT_CONVERSION = YES;
				CLANG_WARN_DEPRECATED_OBJC_IMPLEMENTATIONS = YES;
				CLANG_WARN_DIRECT_OBJC_ISA_USAGE = YES_ERROR;
				CLANG_WARN_DOCUMENTATION_COMMENTS = YES;
				CLANG_WARN_EMPTY_BODY = YES;
				CLANG_WARN_ENUM_CONVERSION = YES;
				CLANG_WARN_INFINITE_RECURSION = YES;
				CLANG_WARN_INT_CONVERSION = YES;
				CLANG_WARN_NON_LITERAL_NULL_CONVERSION = YES;
				CLANG_WARN_OBJC_IMPLICIT_RETAIN_SELF = YES;
				CLANG_WARN_OBJC_LITERAL_CONVERSION = YES;
				CLANG_WARN_OBJC_ROOT_CLASS = YES_ERROR;
				CLANG_WARN_QUOTED_INCLUDE_IN_FRAMEWORK_HEADER = YES;
				CLANG_WARN_RANGE_LOOP_ANALYSIS = YES;
				CLANG_WARN_STRICT_PROTOTYPES = YES;
				CLANG_WARN_SUSPICIOUS_MOVE = YES;
				CLANG_WARN_UNGUARDED_AVAILABILITY = YES_AGGRESSIVE;
				CLANG_WARN_UNREACHABLE_CODE = YES;
				CLANG_WARN__DUPLICATE_METHOD_MATCH = YES;
				COPY_PHASE_STRIP = NO;
				DEBUG_INFORMATION_FORMAT = dwarf;
				ENABLE_STRICT_OBJC_MSGSEND = YES;
				ENABLE_TESTABILITY = YES;
				GCC_C_LANGUAGE_STANDARD = gnu11;
				GCC_DYNAMIC_NO_PIC = NO;
				GCC_NO_COMMON_BLOCKS = YES;
				GCC_OPTIMIZATION_LEVEL = 0;
				GCC_PREPROCESSOR_DEFINITIONS = (
					"DEBUG=1",
					"$(inherited)",
				);
				GCC_WARN_64_TO_32_BIT_CONVERSION = YES;
				GCC_WARN_ABOUT_RETURN_TYPE = YES_ERROR;
				GCC_WARN_UNDECLARED_SELECTOR = YES;
				GCC_WARN_UNINITIALIZED_AUTOS = YES_AGGRESSIVE;
				GCC_WARN_UNUSED_FUNCTION = YES;
				GCC_WARN_UNUSED_VARIABLE = YES;
				IPHONEOS_DEPLOYMENT_TARGET = 14.1;
				MTL_ENABLE_DEBUG_INFO = INCLUDE_SOURCE;
				MTL_FAST_MATH = YES;
				ONLY_ACTIVE_ARCH = YES;
				SDKROOT = iphoneos;
				SWIFT_ACTIVE_COMPILATION_CONDITIONS = DEBUG;
				SWIFT_OPTIMIZATION_LEVEL = "-Onone";
			};
			name = Debug;
		};
		11A63D83255AA52D00BEF1FE /* Release */ = {
			isa = XCBuildConfiguration;
			buildSettings = {
				ALWAYS_SEARCH_USER_PATHS = NO;
				CLANG_ANALYZER_NONNULL = YES;
				CLANG_ANALYZER_NUMBER_OBJECT_CONVERSION = YES_AGGRESSIVE;
				CLANG_CXX_LANGUAGE_STANDARD = "gnu++14";
				CLANG_CXX_LIBRARY = "libc++";
				CLANG_ENABLE_MODULES = YES;
				CLANG_ENABLE_OBJC_ARC = YES;
				CLANG_ENABLE_OBJC_WEAK = YES;
				CLANG_WARN_BLOCK_CAPTURE_AUTORELEASING = YES;
				CLANG_WARN_BOOL_CONVERSION = YES;
				CLANG_WARN_COMMA = YES;
				CLANG_WARN_CONSTANT_CONVERSION = YES;
				CLANG_WARN_DEPRECATED_OBJC_IMPLEMENTATIONS = YES;
				CLANG_WARN_DIRECT_OBJC_ISA_USAGE = YES_ERROR;
				CLANG_WARN_DOCUMENTATION_COMMENTS = YES;
				CLANG_WARN_EMPTY_BODY = YES;
				CLANG_WARN_ENUM_CONVERSION = YES;
				CLANG_WARN_INFINITE_RECURSION = YES;
				CLANG_WARN_INT_CONVERSION = YES;
				CLANG_WARN_NON_LITERAL_NULL_CONVERSION = YES;
				CLANG_WARN_OBJC_IMPLICIT_RETAIN_SELF = YES;
				CLANG_WARN_OBJC_LITERAL_CONVERSION = YES;
				CLANG_WARN_OBJC_ROOT_CLASS = YES_ERROR;
				CLANG_WARN_QUOTED_INCLUDE_IN_FRAMEWORK_HEADER = YES;
				CLANG_WARN_RANGE_LOOP_ANALYSIS = YES;
				CLANG_WARN_STRICT_PROTOTYPES = YES;
				CLANG_WARN_SUSPICIOUS_MOVE = YES;
				CLANG_WARN_UNGUARDED_AVAILABILITY = YES_AGGRESSIVE;
				CLANG_WARN_UNREACHABLE_CODE = YES;
				CLANG_WARN__DUPLICATE_METHOD_MATCH = YES;
				COPY_PHASE_STRIP = NO;
				DEBUG_INFORMATION_FORMAT = "dwarf-with-dsym";
				ENABLE_NS_ASSERTIONS = NO;
				ENABLE_STRICT_OBJC_MSGSEND = YES;
				GCC_C_LANGUAGE_STANDARD = gnu11;
				GCC_NO_COMMON_BLOCKS = YES;
				GCC_WARN_64_TO_32_BIT_CONVERSION = YES;
				GCC_WARN_ABOUT_RETURN_TYPE = YES_ERROR;
				GCC_WARN_UNDECLARED_SELECTOR = YES;
				GCC_WARN_UNINITIALIZED_AUTOS = YES_AGGRESSIVE;
				GCC_WARN_UNUSED_FUNCTION = YES;
				GCC_WARN_UNUSED_VARIABLE = YES;
				IPHONEOS_DEPLOYMENT_TARGET = 14.1;
				MTL_ENABLE_DEBUG_INFO = NO;
				MTL_FAST_MATH = YES;
				SDKROOT = iphoneos;
				SWIFT_COMPILATION_MODE = wholemodule;
				SWIFT_OPTIMIZATION_LEVEL = "-O";
				VALIDATE_PRODUCT = YES;
			};
			name = Release;
		};
		11A63D85255AA52D00BEF1FE /* Debug */ = {
			isa = XCBuildConfiguration;
			buildSettings = {
				ASSETCATALOG_COMPILER_APPICON_NAME = AppIcon;
				ASSETCATALOG_COMPILER_GLOBAL_ACCENT_COLOR_NAME = AccentColor;
				CODE_SIGN_STYLE = Automatic;
				DEVELOPMENT_TEAM = 5T446K389W;
				INFOPLIST_FILE = ShoppingList/Info.plist;
				LD_RUNPATH_SEARCH_PATHS = (
					"$(inherited)",
					"@executable_path/Frameworks",
				);
				PRODUCT_BUNDLE_IDENTIFIER = jamie.brannan.ShoppingList;
				PRODUCT_NAME = "$(TARGET_NAME)";
				SWIFT_VERSION = 5.0;
				TARGETED_DEVICE_FAMILY = "1,2";
			};
			name = Debug;
		};
		11A63D86255AA52D00BEF1FE /* Release */ = {
			isa = XCBuildConfiguration;
			buildSettings = {
				ASSETCATALOG_COMPILER_APPICON_NAME = AppIcon;
				ASSETCATALOG_COMPILER_GLOBAL_ACCENT_COLOR_NAME = AccentColor;
				CODE_SIGN_STYLE = Automatic;
				DEVELOPMENT_TEAM = 5T446K389W;
				INFOPLIST_FILE = ShoppingList/Info.plist;
				LD_RUNPATH_SEARCH_PATHS = (
					"$(inherited)",
					"@executable_path/Frameworks",
				);
				PRODUCT_BUNDLE_IDENTIFIER = jamie.brannan.ShoppingList;
				PRODUCT_NAME = "$(TARGET_NAME)";
				SWIFT_VERSION = 5.0;
				TARGETED_DEVICE_FAMILY = "1,2";
			};
			name = Release;
		};
		11A63D88255AA52D00BEF1FE /* Debug */ = {
			isa = XCBuildConfiguration;
			buildSettings = {
				ALWAYS_EMBED_SWIFT_STANDARD_LIBRARIES = YES;
				BUNDLE_LOADER = "$(TEST_HOST)";
				CODE_SIGN_STYLE = Automatic;
				DEVELOPMENT_TEAM = 5T446K389W;
				INFOPLIST_FILE = ShoppingListTests/Info.plist;
				IPHONEOS_DEPLOYMENT_TARGET = 14.1;
				LD_RUNPATH_SEARCH_PATHS = (
					"$(inherited)",
					"@executable_path/Frameworks",
					"@loader_path/Frameworks",
				);
				PRODUCT_BUNDLE_IDENTIFIER = jamie.brannan.ShoppingListTests;
				PRODUCT_NAME = "$(TARGET_NAME)";
				SWIFT_VERSION = 5.0;
				TARGETED_DEVICE_FAMILY = "1,2";
				TEST_HOST = "$(BUILT_PRODUCTS_DIR)/ShoppingList.app/ShoppingList";
			};
			name = Debug;
		};
		11A63D89255AA52D00BEF1FE /* Release */ = {
			isa = XCBuildConfiguration;
			buildSettings = {
				ALWAYS_EMBED_SWIFT_STANDARD_LIBRARIES = YES;
				BUNDLE_LOADER = "$(TEST_HOST)";
				CODE_SIGN_STYLE = Automatic;
				DEVELOPMENT_TEAM = 5T446K389W;
				INFOPLIST_FILE = ShoppingListTests/Info.plist;
				IPHONEOS_DEPLOYMENT_TARGET = 14.1;
				LD_RUNPATH_SEARCH_PATHS = (
					"$(inherited)",
					"@executable_path/Frameworks",
					"@loader_path/Frameworks",
				);
				PRODUCT_BUNDLE_IDENTIFIER = jamie.brannan.ShoppingListTests;
				PRODUCT_NAME = "$(TARGET_NAME)";
				SWIFT_VERSION = 5.0;
				TARGETED_DEVICE_FAMILY = "1,2";
				TEST_HOST = "$(BUILT_PRODUCTS_DIR)/ShoppingList.app/ShoppingList";
			};
			name = Release;
		};
		11A63D8B255AA52D00BEF1FE /* Debug */ = {
			isa = XCBuildConfiguration;
			buildSettings = {
				ALWAYS_EMBED_SWIFT_STANDARD_LIBRARIES = YES;
				CODE_SIGN_STYLE = Automatic;
				DEVELOPMENT_TEAM = 5T446K389W;
				INFOPLIST_FILE = ShoppingListUITests/Info.plist;
				LD_RUNPATH_SEARCH_PATHS = (
					"$(inherited)",
					"@executable_path/Frameworks",
					"@loader_path/Frameworks",
				);
				PRODUCT_BUNDLE_IDENTIFIER = jamie.brannan.ShoppingListUITests;
				PRODUCT_NAME = "$(TARGET_NAME)";
				SWIFT_VERSION = 5.0;
				TARGETED_DEVICE_FAMILY = "1,2";
				TEST_TARGET_NAME = ShoppingList;
			};
			name = Debug;
		};
		11A63D8C255AA52D00BEF1FE /* Release */ = {
			isa = XCBuildConfiguration;
			buildSettings = {
				ALWAYS_EMBED_SWIFT_STANDARD_LIBRARIES = YES;
				CODE_SIGN_STYLE = Automatic;
				DEVELOPMENT_TEAM = 5T446K389W;
				INFOPLIST_FILE = ShoppingListUITests/Info.plist;
				LD_RUNPATH_SEARCH_PATHS = (
					"$(inherited)",
					"@executable_path/Frameworks",
					"@loader_path/Frameworks",
				);
				PRODUCT_BUNDLE_IDENTIFIER = jamie.brannan.ShoppingListUITests;
				PRODUCT_NAME = "$(TARGET_NAME)";
				SWIFT_VERSION = 5.0;
				TARGETED_DEVICE_FAMILY = "1,2";
				TEST_TARGET_NAME = ShoppingList;
			};
			name = Release;
		};
/* End XCBuildConfiguration section */

/* Begin XCConfigurationList section */
		11A63D55255AA52A00BEF1FE /* Build configuration list for PBXProject "ShoppingList" */ = {
			isa = XCConfigurationList;
			buildConfigurations = (
				11A63D82255AA52D00BEF1FE /* Debug */,
				11A63D83255AA52D00BEF1FE /* Release */,
			);
			defaultConfigurationIsVisible = 0;
			defaultConfigurationName = Release;
		};
		11A63D84255AA52D00BEF1FE /* Build configuration list for PBXNativeTarget "ShoppingList" */ = {
			isa = XCConfigurationList;
			buildConfigurations = (
				11A63D85255AA52D00BEF1FE /* Debug */,
				11A63D86255AA52D00BEF1FE /* Release */,
			);
			defaultConfigurationIsVisible = 0;
			defaultConfigurationName = Release;
		};
		11A63D87255AA52D00BEF1FE /* Build configuration list for PBXNativeTarget "ShoppingListTests" */ = {
			isa = XCConfigurationList;
			buildConfigurations = (
				11A63D88255AA52D00BEF1FE /* Debug */,
				11A63D89255AA52D00BEF1FE /* Release */,
			);
			defaultConfigurationIsVisible = 0;
			defaultConfigurationName = Release;
		};
		11A63D8A255AA52D00BEF1FE /* Build configuration list for PBXNativeTarget "ShoppingListUITests" */ = {
			isa = XCConfigurationList;
			buildConfigurations = (
				11A63D8B255AA52D00BEF1FE /* Debug */,
				11A63D8C255AA52D00BEF1FE /* Release */,
			);
			defaultConfigurationIsVisible = 0;
			defaultConfigurationName = Release;
		};
/* End XCConfigurationList section */
	};
	rootObject = 11A63D52255AA52A00BEF1FE /* Project object */;
}
