// !$*UTF8*$!
{
	archiveVersion = 1;
	classes = {
	};
	objectVersion = 50;
	objects = {

/* Begin PBXBuildFile section */
		113D533124EEA04400ABD52C /* AppDelegate.swift in Sources */ = {isa = PBXBuildFile; fileRef = 113D533024EEA04400ABD52C /* AppDelegate.swift */; };
		113D533324EEA04400ABD52C /* SceneDelegate.swift in Sources */ = {isa = PBXBuildFile; fileRef = 113D533224EEA04400ABD52C /* SceneDelegate.swift */; };
		113D533524EEA04400ABD52C /* ViewController.swift in Sources */ = {isa = PBXBuildFile; fileRef = 113D533424EEA04400ABD52C /* ViewController.swift */; };
		113D533824EEA04400ABD52C /* Main.storyboard in Resources */ = {isa = PBXBuildFile; fileRef = 113D533624EEA04400ABD52C /* Main.storyboard */; };
		113D533A24EEA04B00ABD52C /* Assets.xcassets in Resources */ = {isa = PBXBuildFile; fileRef = 113D533924EEA04B00ABD52C /* Assets.xcassets */; };
		113D533D24EEA04B00ABD52C /* LaunchScreen.storyboard in Resources */ = {isa = PBXBuildFile; fileRef = 113D533B24EEA04B00ABD52C /* LaunchScreen.storyboard */; };
		113D53F124EEC03B00ABD52C /* russia@3x.png in Resources */ = {isa = PBXBuildFile; fileRef = 113D53D924EEC03600ABD52C /* russia@3x.png */; };
		113D53F224EEC03B00ABD52C /* us@3x.png in Resources */ = {isa = PBXBuildFile; fileRef = 113D53DA24EEC03600ABD52C /* us@3x.png */; };
		113D53F324EEC03C00ABD52C /* nigeria@3x.png in Resources */ = {isa = PBXBuildFile; fileRef = 113D53DB24EEC03600ABD52C /* nigeria@3x.png */; };
		113D53F424EEC03C00ABD52C /* poland@3x.png in Resources */ = {isa = PBXBuildFile; fileRef = 113D53DC24EEC03700ABD52C /* poland@3x.png */; };
		113D53F524EEC03C00ABD52C /* uk@2x.png in Resources */ = {isa = PBXBuildFile; fileRef = 113D53DD24EEC03700ABD52C /* uk@2x.png */; };
		113D53F624EEC03C00ABD52C /* estonia@2x.png in Resources */ = {isa = PBXBuildFile; fileRef = 113D53DE24EEC03700ABD52C /* estonia@2x.png */; };
		113D53F724EEC03C00ABD52C /* us@2x.png in Resources */ = {isa = PBXBuildFile; fileRef = 113D53DF24EEC03700ABD52C /* us@2x.png */; };
		113D53F824EEC03C00ABD52C /* france@3x.png in Resources */ = {isa = PBXBuildFile; fileRef = 113D53E024EEC03800ABD52C /* france@3x.png */; };
		113D53F924EEC03C00ABD52C /* nigeria@2x.png in Resources */ = {isa = PBXBuildFile; fileRef = 113D53E124EEC03800ABD52C /* nigeria@2x.png */; };
		113D53FA24EEC03C00ABD52C /* monaco@3x.png in Resources */ = {isa = PBXBuildFile; fileRef = 113D53E224EEC03800ABD52C /* monaco@3x.png */; };
		113D53FB24EEC03C00ABD52C /* poland@2x.png in Resources */ = {isa = PBXBuildFile; fileRef = 113D53E324EEC03800ABD52C /* poland@2x.png */; };
		113D53FC24EEC03C00ABD52C /* monaco@2x.png in Resources */ = {isa = PBXBuildFile; fileRef = 113D53E424EEC03900ABD52C /* monaco@2x.png */; };
		113D53FD24EEC03C00ABD52C /* italy@2x.png in Resources */ = {isa = PBXBuildFile; fileRef = 113D53E524EEC03900ABD52C /* italy@2x.png */; };
		113D53FE24EEC03C00ABD52C /* italy@3x.png in Resources */ = {isa = PBXBuildFile; fileRef = 113D53E624EEC03900ABD52C /* italy@3x.png */; };
		113D53FF24EEC03C00ABD52C /* estonia@3x.png in Resources */ = {isa = PBXBuildFile; fileRef = 113D53E724EEC03900ABD52C /* estonia@3x.png */; };
		113D540024EEC03C00ABD52C /* germany@2x.png in Resources */ = {isa = PBXBuildFile; fileRef = 113D53E824EEC03A00ABD52C /* germany@2x.png */; };
		113D540124EEC03C00ABD52C /* ireland@3x.png in Resources */ = {isa = PBXBuildFile; fileRef = 113D53E924EEC03A00ABD52C /* ireland@3x.png */; };
		113D540224EEC03C00ABD52C /* russia@2x.png in Resources */ = {isa = PBXBuildFile; fileRef = 113D53EA24EEC03A00ABD52C /* russia@2x.png */; };
		113D540324EEC03C00ABD52C /* spain@2x.png in Resources */ = {isa = PBXBuildFile; fileRef = 113D53EB24EEC03A00ABD52C /* spain@2x.png */; };
		113D540424EEC03C00ABD52C /* uk@3x.png in Resources */ = {isa = PBXBuildFile; fileRef = 113D53EC24EEC03A00ABD52C /* uk@3x.png */; };
		113D540524EEC03C00ABD52C /* france@2x.png in Resources */ = {isa = PBXBuildFile; fileRef = 113D53ED24EEC03B00ABD52C /* france@2x.png */; };
		113D540624EEC03C00ABD52C /* ireland@2x.png in Resources */ = {isa = PBXBuildFile; fileRef = 113D53EE24EEC03B00ABD52C /* ireland@2x.png */; };
		113D540724EEC03C00ABD52C /* spain@3x.png in Resources */ = {isa = PBXBuildFile; fileRef = 113D53EF24EEC03B00ABD52C /* spain@3x.png */; };
		113D540824EEC03C00ABD52C /* germany@3x.png in Resources */ = {isa = PBXBuildFile; fileRef = 113D53F024EEC03B00ABD52C /* germany@3x.png */; };
		118B604325139E8700E6D7B7 /* DetailViewController.swift in Sources */ = {isa = PBXBuildFile; fileRef = 118B604225139E8700E6D7B7 /* DetailViewController.swift */; };
/* End PBXBuildFile section */

/* Begin PBXFileReference section */
		113D532D24EEA04400ABD52C /* Consolidation2.app */ = {isa = PBXFileReference; explicitFileType = wrapper.application; includeInIndex = 0; path = Consolidation2.app; sourceTree = BUILT_PRODUCTS_DIR; };
		113D533024EEA04400ABD52C /* AppDelegate.swift */ = {isa = PBXFileReference; lastKnownFileType = sourcecode.swift; path = AppDelegate.swift; sourceTree = "<group>"; };
		113D533224EEA04400ABD52C /* SceneDelegate.swift */ = {isa = PBXFileReference; lastKnownFileType = sourcecode.swift; path = SceneDelegate.swift; sourceTree = "<group>"; };
		113D533424EEA04400ABD52C /* ViewController.swift */ = {isa = PBXFileReference; lastKnownFileType = sourcecode.swift; path = ViewController.swift; sourceTree = "<group>"; };
		113D533724EEA04400ABD52C /* Base */ = {isa = PBXFileReference; lastKnownFileType = file.storyboard; name = Base; path = Base.lproj/Main.storyboard; sourceTree = "<group>"; };
		113D533924EEA04B00ABD52C /* Assets.xcassets */ = {isa = PBXFileReference; lastKnownFileType = folder.assetcatalog; path = Assets.xcassets; sourceTree = "<group>"; };
		113D533C24EEA04B00ABD52C /* Base */ = {isa = PBXFileReference; lastKnownFileType = file.storyboard; name = Base; path = Base.lproj/LaunchScreen.storyboard; sourceTree = "<group>"; };
		113D533E24EEA04B00ABD52C /* Info.plist */ = {isa = PBXFileReference; lastKnownFileType = text.plist.xml; path = Info.plist; sourceTree = "<group>"; };
		113D53D924EEC03600ABD52C /* russia@3x.png */ = {isa = PBXFileReference; lastKnownFileType = image.png; path = "russia@3x.png"; sourceTree = "<group>"; };
		113D53DA24EEC03600ABD52C /* us@3x.png */ = {isa = PBXFileReference; lastKnownFileType = image.png; path = "us@3x.png"; sourceTree = "<group>"; };
		113D53DB24EEC03600ABD52C /* nigeria@3x.png */ = {isa = PBXFileReference; lastKnownFileType = image.png; path = "nigeria@3x.png"; sourceTree = "<group>"; };
		113D53DC24EEC03700ABD52C /* poland@3x.png */ = {isa = PBXFileReference; lastKnownFileType = image.png; path = "poland@3x.png"; sourceTree = "<group>"; };
		113D53DD24EEC03700ABD52C /* uk@2x.png */ = {isa = PBXFileReference; lastKnownFileType = image.png; path = "uk@2x.png"; sourceTree = "<group>"; };
		113D53DE24EEC03700ABD52C /* estonia@2x.png */ = {isa = PBXFileReference; lastKnownFileType = image.png; path = "estonia@2x.png"; sourceTree = "<group>"; };
		113D53DF24EEC03700ABD52C /* us@2x.png */ = {isa = PBXFileReference; lastKnownFileType = image.png; path = "us@2x.png"; sourceTree = "<group>"; };
		113D53E024EEC03800ABD52C /* france@3x.png */ = {isa = PBXFileReference; lastKnownFileType = image.png; path = "france@3x.png"; sourceTree = "<group>"; };
		113D53E124EEC03800ABD52C /* nigeria@2x.png */ = {isa = PBXFileReference; lastKnownFileType = image.png; path = "nigeria@2x.png"; sourceTree = "<group>"; };
		113D53E224EEC03800ABD52C /* monaco@3x.png */ = {isa = PBXFileReference; lastKnownFileType = image.png; path = "monaco@3x.png"; sourceTree = "<group>"; };
		113D53E324EEC03800ABD52C /* poland@2x.png */ = {isa = PBXFileReference; lastKnownFileType = image.png; path = "poland@2x.png"; sourceTree = "<group>"; };
		113D53E424EEC03900ABD52C /* monaco@2x.png */ = {isa = PBXFileReference; lastKnownFileType = image.png; path = "monaco@2x.png"; sourceTree = "<group>"; };
		113D53E524EEC03900ABD52C /* italy@2x.png */ = {isa = PBXFileReference; lastKnownFileType = image.png; path = "italy@2x.png"; sourceTree = "<group>"; };
		113D53E624EEC03900ABD52C /* italy@3x.png */ = {isa = PBXFileReference; lastKnownFileType = image.png; path = "italy@3x.png"; sourceTree = "<group>"; };
		113D53E724EEC03900ABD52C /* estonia@3x.png */ = {isa = PBXFileReference; lastKnownFileType = image.png; path = "estonia@3x.png"; sourceTree = "<group>"; };
		113D53E824EEC03A00ABD52C /* germany@2x.png */ = {isa = PBXFileReference; lastKnownFileType = image.png; path = "germany@2x.png"; sourceTree = "<group>"; };
		113D53E924EEC03A00ABD52C /* ireland@3x.png */ = {isa = PBXFileReference; lastKnownFileType = image.png; path = "ireland@3x.png"; sourceTree = "<group>"; };
		113D53EA24EEC03A00ABD52C /* russia@2x.png */ = {isa = PBXFileReference; lastKnownFileType = image.png; path = "russia@2x.png"; sourceTree = "<group>"; };
		113D53EB24EEC03A00ABD52C /* spain@2x.png */ = {isa = PBXFileReference; lastKnownFileType = image.png; path = "spain@2x.png"; sourceTree = "<group>"; };
		113D53EC24EEC03A00ABD52C /* uk@3x.png */ = {isa = PBXFileReference; lastKnownFileType = image.png; path = "uk@3x.png"; sourceTree = "<group>"; };
		113D53ED24EEC03B00ABD52C /* france@2x.png */ = {isa = PBXFileReference; lastKnownFileType = image.png; path = "france@2x.png"; sourceTree = "<group>"; };
		113D53EE24EEC03B00ABD52C /* ireland@2x.png */ = {isa = PBXFileReference; lastKnownFileType = image.png; path = "ireland@2x.png"; sourceTree = "<group>"; };
		113D53EF24EEC03B00ABD52C /* spain@3x.png */ = {isa = PBXFileReference; lastKnownFileType = image.png; path = "spain@3x.png"; sourceTree = "<group>"; };
		113D53F024EEC03B00ABD52C /* germany@3x.png */ = {isa = PBXFileReference; lastKnownFileType = image.png; path = "germany@3x.png"; sourceTree = "<group>"; };
		118B604225139E8700E6D7B7 /* DetailViewController.swift */ = {isa = PBXFileReference; lastKnownFileType = sourcecode.swift; path = DetailViewController.swift; sourceTree = "<group>"; };
/* End PBXFileReference section */

/* Begin PBXFrameworksBuildPhase section */
		113D532A24EEA04400ABD52C /* Frameworks */ = {
			isa = PBXFrameworksBuildPhase;
			buildActionMask = 2147483647;
			files = (
			);
			runOnlyForDeploymentPostprocessing = 0;
		};
/* End PBXFrameworksBuildPhase section */

/* Begin PBXGroup section */
		113D532424EEA04400ABD52C = {
			isa = PBXGroup;
			children = (
				113D532F24EEA04400ABD52C /* Consolidation2 */,
				113D532E24EEA04400ABD52C /* Products */,
			);
			sourceTree = "<group>";
		};
		113D532E24EEA04400ABD52C /* Products */ = {
			isa = PBXGroup;
			children = (
				113D532D24EEA04400ABD52C /* Consolidation2.app */,
			);
			name = Products;
			sourceTree = "<group>";
		};
		113D532F24EEA04400ABD52C /* Consolidation2 */ = {
			isa = PBXGroup;
			children = (
				113D533024EEA04400ABD52C /* AppDelegate.swift */,
				113D533224EEA04400ABD52C /* SceneDelegate.swift */,
				113D533424EEA04400ABD52C /* ViewController.swift */,
				118B604225139E8700E6D7B7 /* DetailViewController.swift */,
				113D533624EEA04400ABD52C /* Main.storyboard */,
				113D533924EEA04B00ABD52C /* Assets.xcassets */,
				113D53D824EEC02600ABD52C /* Contents */,
				113D533B24EEA04B00ABD52C /* LaunchScreen.storyboard */,
				113D533E24EEA04B00ABD52C /* Info.plist */,
			);
			path = Consolidation2;
			sourceTree = "<group>";
		};
		113D53D824EEC02600ABD52C /* Contents */ = {
			isa = PBXGroup;
			children = (
				113D53DE24EEC03700ABD52C /* estonia@2x.png */,
				113D53E724EEC03900ABD52C /* estonia@3x.png */,
				113D53ED24EEC03B00ABD52C /* france@2x.png */,
				113D53E024EEC03800ABD52C /* france@3x.png */,
				113D53E824EEC03A00ABD52C /* germany@2x.png */,
				113D53F024EEC03B00ABD52C /* germany@3x.png */,
				113D53EE24EEC03B00ABD52C /* ireland@2x.png */,
				113D53E924EEC03A00ABD52C /* ireland@3x.png */,
				113D53E524EEC03900ABD52C /* italy@2x.png */,
				113D53E624EEC03900ABD52C /* italy@3x.png */,
				113D53E424EEC03900ABD52C /* monaco@2x.png */,
				113D53E224EEC03800ABD52C /* monaco@3x.png */,
				113D53E124EEC03800ABD52C /* nigeria@2x.png */,
				113D53DB24EEC03600ABD52C /* nigeria@3x.png */,
				113D53E324EEC03800ABD52C /* poland@2x.png */,
				113D53DC24EEC03700ABD52C /* poland@3x.png */,
				113D53EA24EEC03A00ABD52C /* russia@2x.png */,
				113D53D924EEC03600ABD52C /* russia@3x.png */,
				113D53EB24EEC03A00ABD52C /* spain@2x.png */,
				113D53EF24EEC03B00ABD52C /* spain@3x.png */,
				113D53DD24EEC03700ABD52C /* uk@2x.png */,
				113D53EC24EEC03A00ABD52C /* uk@3x.png */,
				113D53DF24EEC03700ABD52C /* us@2x.png */,
				113D53DA24EEC03600ABD52C /* us@3x.png */,
			);
			path = Contents;
			sourceTree = "<group>";
		};
/* End PBXGroup section */

/* Begin PBXNativeTarget section */
		113D532C24EEA04400ABD52C /* Consolidation2 */ = {
			isa = PBXNativeTarget;
			buildConfigurationList = 113D534124EEA04B00ABD52C /* Build configuration list for PBXNativeTarget "Consolidation2" */;
			buildPhases = (
				113D532924EEA04400ABD52C /* Sources */,
				113D532A24EEA04400ABD52C /* Frameworks */,
				113D532B24EEA04400ABD52C /* Resources */,
			);
			buildRules = (
			);
			dependencies = (
			);
			name = Consolidation2;
			productName = Consolidation2;
			productReference = 113D532D24EEA04400ABD52C /* Consolidation2.app */;
			productType = "com.apple.product-type.application";
		};
/* End PBXNativeTarget section */

/* Begin PBXProject section */
		113D532524EEA04400ABD52C /* Project object */ = {
			isa = PBXProject;
			attributes = {
				LastSwiftUpdateCheck = 1160;
				LastUpgradeCheck = 1160;
				ORGANIZATIONNAME = "Jamie Brannan";
				TargetAttributes = {
					113D532C24EEA04400ABD52C = {
						CreatedOnToolsVersion = 11.6;
					};
				};
			};
			buildConfigurationList = 113D532824EEA04400ABD52C /* Build configuration list for PBXProject "Consolidation2" */;
			compatibilityVersion = "Xcode 9.3";
			developmentRegion = en;
			hasScannedForEncodings = 0;
			knownRegions = (
				en,
				Base,
			);
			mainGroup = 113D532424EEA04400ABD52C;
			productRefGroup = 113D532E24EEA04400ABD52C /* Products */;
			projectDirPath = "";
			projectRoot = "";
			targets = (
				113D532C24EEA04400ABD52C /* Consolidation2 */,
			);
		};
/* End PBXProject section */

/* Begin PBXResourcesBuildPhase section */
		113D532B24EEA04400ABD52C /* Resources */ = {
			isa = PBXResourcesBuildPhase;
			buildActionMask = 2147483647;
			files = (
				113D533D24EEA04B00ABD52C /* LaunchScreen.storyboard in Resources */,
				113D53F624EEC03C00ABD52C /* estonia@2x.png in Resources */,
				113D53F324EEC03C00ABD52C /* nigeria@3x.png in Resources */,
				113D540124EEC03C00ABD52C /* ireland@3x.png in Resources */,
				113D53FC24EEC03C00ABD52C /* monaco@2x.png in Resources */,
				113D533A24EEA04B00ABD52C /* Assets.xcassets in Resources */,
				113D53F124EEC03B00ABD52C /* russia@3x.png in Resources */,
				113D53F424EEC03C00ABD52C /* poland@3x.png in Resources */,
				113D53FB24EEC03C00ABD52C /* poland@2x.png in Resources */,
				113D53F924EEC03C00ABD52C /* nigeria@2x.png in Resources */,
				113D540224EEC03C00ABD52C /* russia@2x.png in Resources */,
				113D53F224EEC03B00ABD52C /* us@3x.png in Resources */,
				113D53FE24EEC03C00ABD52C /* italy@3x.png in Resources */,
				113D540624EEC03C00ABD52C /* ireland@2x.png in Resources */,
				113D53FF24EEC03C00ABD52C /* estonia@3x.png in Resources */,
				113D53F524EEC03C00ABD52C /* uk@2x.png in Resources */,
				113D53F724EEC03C00ABD52C /* us@2x.png in Resources */,
				113D53FD24EEC03C00ABD52C /* italy@2x.png in Resources */,
				113D540824EEC03C00ABD52C /* germany@3x.png in Resources */,
				113D540524EEC03C00ABD52C /* france@2x.png in Resources */,
				113D53F824EEC03C00ABD52C /* france@3x.png in Resources */,
				113D540324EEC03C00ABD52C /* spain@2x.png in Resources */,
				113D533824EEA04400ABD52C /* Main.storyboard in Resources */,
				113D53FA24EEC03C00ABD52C /* monaco@3x.png in Resources */,
				113D540724EEC03C00ABD52C /* spain@3x.png in Resources */,
				113D540424EEC03C00ABD52C /* uk@3x.png in Resources */,
				113D540024EEC03C00ABD52C /* germany@2x.png in Resources */,
			);
			runOnlyForDeploymentPostprocessing = 0;
		};
/* End PBXResourcesBuildPhase section */

/* Begin PBXSourcesBuildPhase section */
		113D532924EEA04400ABD52C /* Sources */ = {
			isa = PBXSourcesBuildPhase;
			buildActionMask = 2147483647;
			files = (
				113D533524EEA04400ABD52C /* ViewController.swift in Sources */,
				113D533124EEA04400ABD52C /* AppDelegate.swift in Sources */,
				113D533324EEA04400ABD52C /* SceneDelegate.swift in Sources */,
				118B604325139E8700E6D7B7 /* DetailViewController.swift in Sources */,
			);
			runOnlyForDeploymentPostprocessing = 0;
		};
/* End PBXSourcesBuildPhase section */

/* Begin PBXVariantGroup section */
		113D533624EEA04400ABD52C /* Main.storyboard */ = {
			isa = PBXVariantGroup;
			children = (
				113D533724EEA04400ABD52C /* Base */,
			);
			name = Main.storyboard;
			sourceTree = "<group>";
		};
		113D533B24EEA04B00ABD52C /* LaunchScreen.storyboard */ = {
			isa = PBXVariantGroup;
			children = (
				113D533C24EEA04B00ABD52C /* Base */,
			);
			name = LaunchScreen.storyboard;
			sourceTree = "<group>";
		};
/* End PBXVariantGroup section */

/* Begin XCBuildConfiguration section */
		113D533F24EEA04B00ABD52C /* Debug */ = {
			isa = XCBuildConfiguration;
			buildSettings = {
				ALWAYS_SEARCH_USER_PATHS = NO;
				CLANG_ANALYZER_NONNULL = YES;
				CLANG_ANALYZER_NUMBER_OBJECT_CONVERSION = YES_AGGRESSIVE;
				CLANG_CXX_LANGUAGE_STANDARD = "gnu++14";
				CLANG_CXX_LIBRARY = "libc++";
				CLANG_ENABLE_MODULES = YES;
				CLANG_ENABLE_OBJC_ARC = YES;
				CLANG_ENABLE_OBJC_WEAK = YES;
				CLANG_WARN_BLOCK_CAPTURE_AUTORELEASING = YES;
				CLANG_WARN_BOOL_CONVERSION = YES;
				CLANG_WARN_COMMA = YES;
				CLANG_WARN_CONSTANT_CONVERSION = YES;
				CLANG_WARN_DEPRECATED_OBJC_IMPLEMENTATIONS = YES;
				CLANG_WARN_DIRECT_OBJC_ISA_USAGE = YES_ERROR;
				CLANG_WARN_DOCUMENTATION_COMMENTS = YES;
				CLANG_WARN_EMPTY_BODY = YES;
				CLANG_WARN_ENUM_CONVERSION = YES;
				CLANG_WARN_INFINITE_RECURSION = YES;
				CLANG_WARN_INT_CONVERSION = YES;
				CLANG_WARN_NON_LITERAL_NULL_CONVERSION = YES;
				CLANG_WARN_OBJC_IMPLICIT_RETAIN_SELF = YES;
				CLANG_WARN_OBJC_LITERAL_CONVERSION = YES;
				CLANG_WARN_OBJC_ROOT_CLASS = YES_ERROR;
				CLANG_WARN_RANGE_LOOP_ANALYSIS = YES;
				CLANG_WARN_STRICT_PROTOTYPES = YES;
				CLANG_WARN_SUSPICIOUS_MOVE = YES;
				CLANG_WARN_UNGUARDED_AVAILABILITY = YES_AGGRESSIVE;
				CLANG_WARN_UNREACHABLE_CODE = YES;
				CLANG_WARN__DUPLICATE_METHOD_MATCH = YES;
				COPY_PHASE_STRIP = NO;
				DEBUG_INFORMATION_FORMAT = dwarf;
				ENABLE_STRICT_OBJC_MSGSEND = YES;
				ENABLE_TESTABILITY = YES;
				GCC_C_LANGUAGE_STANDARD = gnu11;
				GCC_DYNAMIC_NO_PIC = NO;
				GCC_NO_COMMON_BLOCKS = YES;
				GCC_OPTIMIZATION_LEVEL = 0;
				GCC_PREPROCESSOR_DEFINITIONS = (
					"DEBUG=1",
					"$(inherited)",
				);
				GCC_WARN_64_TO_32_BIT_CONVERSION = YES;
				GCC_WARN_ABOUT_RETURN_TYPE = YES_ERROR;
				GCC_WARN_UNDECLARED_SELECTOR = YES;
				GCC_WARN_UNINITIALIZED_AUTOS = YES_AGGRESSIVE;
				GCC_WARN_UNUSED_FUNCTION = YES;
				GCC_WARN_UNUSED_VARIABLE = YES;
				IPHONEOS_DEPLOYMENT_TARGET = 13.6;
				MTL_ENABLE_DEBUG_INFO = INCLUDE_SOURCE;
				MTL_FAST_MATH = YES;
				ONLY_ACTIVE_ARCH = YES;
				SDKROOT = iphoneos;
				SWIFT_ACTIVE_COMPILATION_CONDITIONS = DEBUG;
				SWIFT_OPTIMIZATION_LEVEL = "-Onone";
			};
			name = Debug;
		};
		113D534024EEA04B00ABD52C /* Release */ = {
			isa = XCBuildConfiguration;
			buildSettings = {
				ALWAYS_SEARCH_USER_PATHS = NO;
				CLANG_ANALYZER_NONNULL = YES;
				CLANG_ANALYZER_NUMBER_OBJECT_CONVERSION = YES_AGGRESSIVE;
				CLANG_CXX_LANGUAGE_STANDARD = "gnu++14";
				CLANG_CXX_LIBRARY = "libc++";
				CLANG_ENABLE_MODULES = YES;
				CLANG_ENABLE_OBJC_ARC = YES;
				CLANG_ENABLE_OBJC_WEAK = YES;
				CLANG_WARN_BLOCK_CAPTURE_AUTORELEASING = YES;
				CLANG_WARN_BOOL_CONVERSION = YES;
				CLANG_WARN_COMMA = YES;
				CLANG_WARN_CONSTANT_CONVERSION = YES;
				CLANG_WARN_DEPRECATED_OBJC_IMPLEMENTATIONS = YES;
				CLANG_WARN_DIRECT_OBJC_ISA_USAGE = YES_ERROR;
				CLANG_WARN_DOCUMENTATION_COMMENTS = YES;
				CLANG_WARN_EMPTY_BODY = YES;
				CLANG_WARN_ENUM_CONVERSION = YES;
				CLANG_WARN_INFINITE_RECURSION = YES;
				CLANG_WARN_INT_CONVERSION = YES;
				CLANG_WARN_NON_LITERAL_NULL_CONVERSION = YES;
				CLANG_WARN_OBJC_IMPLICIT_RETAIN_SELF = YES;
				CLANG_WARN_OBJC_LITERAL_CONVERSION = YES;
				CLANG_WARN_OBJC_ROOT_CLASS = YES_ERROR;
				CLANG_WARN_RANGE_LOOP_ANALYSIS = YES;
				CLANG_WARN_STRICT_PROTOTYPES = YES;
				CLANG_WARN_SUSPICIOUS_MOVE = YES;
				CLANG_WARN_UNGUARDED_AVAILABILITY = YES_AGGRESSIVE;
				CLANG_WARN_UNREACHABLE_CODE = YES;
				CLANG_WARN__DUPLICATE_METHOD_MATCH = YES;
				COPY_PHASE_STRIP = NO;
				DEBUG_INFORMATION_FORMAT = "dwarf-with-dsym";
				ENABLE_NS_ASSERTIONS = NO;
				ENABLE_STRICT_OBJC_MSGSEND = YES;
				GCC_C_LANGUAGE_STANDARD = gnu11;
				GCC_NO_COMMON_BLOCKS = YES;
				GCC_WARN_64_TO_32_BIT_CONVERSION = YES;
				GCC_WARN_ABOUT_RETURN_TYPE = YES_ERROR;
				GCC_WARN_UNDECLARED_SELECTOR = YES;
				GCC_WARN_UNINITIALIZED_AUTOS = YES_AGGRESSIVE;
				GCC_WARN_UNUSED_FUNCTION = YES;
				GCC_WARN_UNUSED_VARIABLE = YES;
				IPHONEOS_DEPLOYMENT_TARGET = 13.6;
				MTL_ENABLE_DEBUG_INFO = NO;
				MTL_FAST_MATH = YES;
				SDKROOT = iphoneos;
				SWIFT_COMPILATION_MODE = wholemodule;
				SWIFT_OPTIMIZATION_LEVEL = "-O";
				VALIDATE_PRODUCT = YES;
			};
			name = Release;
		};
		113D534224EEA04B00ABD52C /* Debug */ = {
			isa = XCBuildConfiguration;
			buildSettings = {
				ASSETCATALOG_COMPILER_APPICON_NAME = AppIcon;
				CODE_SIGN_STYLE = Automatic;
				DEVELOPMENT_TEAM = 843FCJSS4Z;
				INFOPLIST_FILE = Consolidation2/Info.plist;
				LD_RUNPATH_SEARCH_PATHS = (
					"$(inherited)",
					"@executable_path/Frameworks",
				);
				PRODUCT_BUNDLE_IDENTIFIER = com.exemple.Consolidation2;
				PRODUCT_NAME = "$(TARGET_NAME)";
				SWIFT_VERSION = 5.0;
				TARGETED_DEVICE_FAMILY = "1,2";
			};
			name = Debug;
		};
		113D534324EEA04B00ABD52C /* Release */ = {
			isa = XCBuildConfiguration;
			buildSettings = {
				ASSETCATALOG_COMPILER_APPICON_NAME = AppIcon;
				CODE_SIGN_STYLE = Automatic;
				DEVELOPMENT_TEAM = 843FCJSS4Z;
				INFOPLIST_FILE = Consolidation2/Info.plist;
				LD_RUNPATH_SEARCH_PATHS = (
					"$(inherited)",
					"@executable_path/Frameworks",
				);
				PRODUCT_BUNDLE_IDENTIFIER = com.exemple.Consolidation2;
				PRODUCT_NAME = "$(TARGET_NAME)";
				SWIFT_VERSION = 5.0;
				TARGETED_DEVICE_FAMILY = "1,2";
			};
			name = Release;
		};
/* End XCBuildConfiguration section */

/* Begin XCConfigurationList section */
		113D532824EEA04400ABD52C /* Build configuration list for PBXProject "Consolidation2" */ = {
			isa = XCConfigurationList;
			buildConfigurations = (
				113D533F24EEA04B00ABD52C /* Debug */,
				113D534024EEA04B00ABD52C /* Release */,
			);
			defaultConfigurationIsVisible = 0;
			defaultConfigurationName = Release;
		};
		113D534124EEA04B00ABD52C /* Build configuration list for PBXNativeTarget "Consolidation2" */ = {
			isa = XCConfigurationList;
			buildConfigurations = (
				113D534224EEA04B00ABD52C /* Debug */,
				113D534324EEA04B00ABD52C /* Release */,
			);
			defaultConfigurationIsVisible = 0;
			defaultConfigurationName = Release;
		};
/* End XCConfigurationList section */
	};
	rootObject = 113D532524EEA04400ABD52C /* Project object */;
}
