// !$*UTF8*$!
{
	archiveVersion = 1;
	classes = {
	};
	objectVersion = 50;
	objects = {

/* Begin PBXBuildFile section */
		113EE614253B472800B12CEF /* AppDelegate.swift in Sources */ = {isa = PBXBuildFile; fileRef = 113EE613253B472800B12CEF /* AppDelegate.swift */; };
		113EE616253B472800B12CEF /* SceneDelegate.swift in Sources */ = {isa = PBXBuildFile; fileRef = 113EE615253B472800B12CEF /* SceneDelegate.swift */; };
		113EE618253B472800B12CEF /* ViewController.swift in Sources */ = {isa = PBXBuildFile; fileRef = 113EE617253B472800B12CEF /* ViewController.swift */; };
		113EE61B253B472800B12CEF /* Main.storyboard in Resources */ = {isa = PBXBuildFile; fileRef = 113EE619253B472800B12CEF /* Main.storyboard */; };
		113EE61D253B472C00B12CEF /* Assets.xcassets in Resources */ = {isa = PBXBuildFile; fileRef = 113EE61C253B472C00B12CEF /* Assets.xcassets */; };
		113EE620253B472C00B12CEF /* LaunchScreen.storyboard in Resources */ = {isa = PBXBuildFile; fileRef = 113EE61E253B472C00B12CEF /* LaunchScreen.storyboard */; };
		113EE62B253B472C00B12CEF /* Project5Tests.swift in Sources */ = {isa = PBXBuildFile; fileRef = 113EE62A253B472C00B12CEF /* Project5Tests.swift */; };
		113EE636253B472C00B12CEF /* Project5UITests.swift in Sources */ = {isa = PBXBuildFile; fileRef = 113EE635253B472C00B12CEF /* Project5UITests.swift */; };
		113EE644253B834A00B12CEF /* start.txt in Resources */ = {isa = PBXBuildFile; fileRef = 113EE643253B834A00B12CEF /* start.txt */; };
/* End PBXBuildFile section */

/* Begin PBXContainerItemProxy section */
		113EE627253B472C00B12CEF /* PBXContainerItemProxy */ = {
			isa = PBXContainerItemProxy;
			containerPortal = 113EE608253B472800B12CEF /* Project object */;
			proxyType = 1;
			remoteGlobalIDString = 113EE60F253B472800B12CEF;
			remoteInfo = Project5;
		};
		113EE632253B472C00B12CEF /* PBXContainerItemProxy */ = {
			isa = PBXContainerItemProxy;
			containerPortal = 113EE608253B472800B12CEF /* Project object */;
			proxyType = 1;
			remoteGlobalIDString = 113EE60F253B472800B12CEF;
			remoteInfo = Project5;
		};
/* End PBXContainerItemProxy section */

/* Begin PBXFileReference section */
		113EE610253B472800B12CEF /* Project5.app */ = {isa = PBXFileReference; explicitFileType = wrapper.application; includeInIndex = 0; path = Project5.app; sourceTree = BUILT_PRODUCTS_DIR; };
		113EE613253B472800B12CEF /* AppDelegate.swift */ = {isa = PBXFileReference; lastKnownFileType = sourcecode.swift; path = AppDelegate.swift; sourceTree = "<group>"; };
		113EE615253B472800B12CEF /* SceneDelegate.swift */ = {isa = PBXFileReference; lastKnownFileType = sourcecode.swift; path = SceneDelegate.swift; sourceTree = "<group>"; };
		113EE617253B472800B12CEF /* ViewController.swift */ = {isa = PBXFileReference; lastKnownFileType = sourcecode.swift; path = ViewController.swift; sourceTree = "<group>"; };
		113EE61A253B472800B12CEF /* Base */ = {isa = PBXFileReference; lastKnownFileType = file.storyboard; name = Base; path = Base.lproj/Main.storyboard; sourceTree = "<group>"; };
		113EE61C253B472C00B12CEF /* Assets.xcassets */ = {isa = PBXFileReference; lastKnownFileType = folder.assetcatalog; path = Assets.xcassets; sourceTree = "<group>"; };
		113EE61F253B472C00B12CEF /* Base */ = {isa = PBXFileReference; lastKnownFileType = file.storyboard; name = Base; path = Base.lproj/LaunchScreen.storyboard; sourceTree = "<group>"; };
		113EE621253B472C00B12CEF /* Info.plist */ = {isa = PBXFileReference; lastKnownFileType = text.plist.xml; path = Info.plist; sourceTree = "<group>"; };
		113EE626253B472C00B12CEF /* Project5Tests.xctest */ = {isa = PBXFileReference; explicitFileType = wrapper.cfbundle; includeInIndex = 0; path = Project5Tests.xctest; sourceTree = BUILT_PRODUCTS_DIR; };
		113EE62A253B472C00B12CEF /* Project5Tests.swift */ = {isa = PBXFileReference; lastKnownFileType = sourcecode.swift; path = Project5Tests.swift; sourceTree = "<group>"; };
		113EE62C253B472C00B12CEF /* Info.plist */ = {isa = PBXFileReference; lastKnownFileType = text.plist.xml; path = Info.plist; sourceTree = "<group>"; };
		113EE631253B472C00B12CEF /* Project5UITests.xctest */ = {isa = PBXFileReference; explicitFileType = wrapper.cfbundle; includeInIndex = 0; path = Project5UITests.xctest; sourceTree = BUILT_PRODUCTS_DIR; };
		113EE635253B472C00B12CEF /* Project5UITests.swift */ = {isa = PBXFileReference; lastKnownFileType = sourcecode.swift; path = Project5UITests.swift; sourceTree = "<group>"; };
		113EE637253B472C00B12CEF /* Info.plist */ = {isa = PBXFileReference; lastKnownFileType = text.plist.xml; path = Info.plist; sourceTree = "<group>"; };
		113EE643253B834A00B12CEF /* start.txt */ = {isa = PBXFileReference; fileEncoding = 4; lastKnownFileType = text; path = start.txt; sourceTree = "<group>"; };
/* End PBXFileReference section */

/* Begin PBXFrameworksBuildPhase section */
		113EE60D253B472800B12CEF /* Frameworks */ = {
			isa = PBXFrameworksBuildPhase;
			buildActionMask = 2147483647;
			files = (
			);
			runOnlyForDeploymentPostprocessing = 0;
		};
		113EE623253B472C00B12CEF /* Frameworks */ = {
			isa = PBXFrameworksBuildPhase;
			buildActionMask = 2147483647;
			files = (
			);
			runOnlyForDeploymentPostprocessing = 0;
		};
		113EE62E253B472C00B12CEF /* Frameworks */ = {
			isa = PBXFrameworksBuildPhase;
			buildActionMask = 2147483647;
			files = (
			);
			runOnlyForDeploymentPostprocessing = 0;
		};
/* End PBXFrameworksBuildPhase section */

/* Begin PBXGroup section */
		113EE607253B472800B12CEF = {
			isa = PBXGroup;
			children = (
				113EE612253B472800B12CEF /* Project5 */,
				113EE629253B472C00B12CEF /* Project5Tests */,
				113EE634253B472C00B12CEF /* Project5UITests */,
				113EE611253B472800B12CEF /* Products */,
			);
			sourceTree = "<group>";
		};
		113EE611253B472800B12CEF /* Products */ = {
			isa = PBXGroup;
			children = (
				113EE610253B472800B12CEF /* Project5.app */,
				113EE626253B472C00B12CEF /* Project5Tests.xctest */,
				113EE631253B472C00B12CEF /* Project5UITests.xctest */,
			);
			name = Products;
			sourceTree = "<group>";
		};
		113EE612253B472800B12CEF /* Project5 */ = {
			isa = PBXGroup;
			children = (
				113EE613253B472800B12CEF /* AppDelegate.swift */,
				113EE615253B472800B12CEF /* SceneDelegate.swift */,
				113EE617253B472800B12CEF /* ViewController.swift */,
				113EE619253B472800B12CEF /* Main.storyboard */,
				113EE61C253B472C00B12CEF /* Assets.xcassets */,
				113EE61E253B472C00B12CEF /* LaunchScreen.storyboard */,
				113EE643253B834A00B12CEF /* start.txt */,
				113EE621253B472C00B12CEF /* Info.plist */,
			);
			path = Project5;
			sourceTree = "<group>";
		};
		113EE629253B472C00B12CEF /* Project5Tests */ = {
			isa = PBXGroup;
			children = (
				113EE62A253B472C00B12CEF /* Project5Tests.swift */,
				113EE62C253B472C00B12CEF /* Info.plist */,
			);
			path = Project5Tests;
			sourceTree = "<group>";
		};
		113EE634253B472C00B12CEF /* Project5UITests */ = {
			isa = PBXGroup;
			children = (
				113EE635253B472C00B12CEF /* Project5UITests.swift */,
				113EE637253B472C00B12CEF /* Info.plist */,
			);
			path = Project5UITests;
			sourceTree = "<group>";
		};
/* End PBXGroup section */

/* Begin PBXNativeTarget section */
		113EE60F253B472800B12CEF /* Project5 */ = {
			isa = PBXNativeTarget;
			buildConfigurationList = 113EE63A253B472C00B12CEF /* Build configuration list for PBXNativeTarget "Project5" */;
			buildPhases = (
				113EE60C253B472800B12CEF /* Sources */,
				113EE60D253B472800B12CEF /* Frameworks */,
				113EE60E253B472800B12CEF /* Resources */,
			);
			buildRules = (
			);
			dependencies = (
			);
			name = Project5;
			productName = Project5;
			productReference = 113EE610253B472800B12CEF /* Project5.app */;
			productType = "com.apple.product-type.application";
		};
		113EE625253B472C00B12CEF /* Project5Tests */ = {
			isa = PBXNativeTarget;
			buildConfigurationList = 113EE63D253B472C00B12CEF /* Build configuration list for PBXNativeTarget "Project5Tests" */;
			buildPhases = (
				113EE622253B472C00B12CEF /* Sources */,
				113EE623253B472C00B12CEF /* Frameworks */,
				113EE624253B472C00B12CEF /* Resources */,
			);
			buildRules = (
			);
			dependencies = (
				113EE628253B472C00B12CEF /* PBXTargetDependency */,
			);
			name = Project5Tests;
			productName = Project5Tests;
			productReference = 113EE626253B472C00B12CEF /* Project5Tests.xctest */;
			productType = "com.apple.product-type.bundle.unit-test";
		};
		113EE630253B472C00B12CEF /* Project5UITests */ = {
			isa = PBXNativeTarget;
			buildConfigurationList = 113EE640253B472C00B12CEF /* Build configuration list for PBXNativeTarget "Project5UITests" */;
			buildPhases = (
				113EE62D253B472C00B12CEF /* Sources */,
				113EE62E253B472C00B12CEF /* Frameworks */,
				113EE62F253B472C00B12CEF /* Resources */,
			);
			buildRules = (
			);
			dependencies = (
				113EE633253B472C00B12CEF /* PBXTargetDependency */,
			);
			name = Project5UITests;
			productName = Project5UITests;
			productReference = 113EE631253B472C00B12CEF /* Project5UITests.xctest */;
			productType = "com.apple.product-type.bundle.ui-testing";
		};
/* End PBXNativeTarget section */

/* Begin PBXProject section */
		113EE608253B472800B12CEF /* Project object */ = {
			isa = PBXProject;
			attributes = {
				LastSwiftUpdateCheck = 1170;
				LastUpgradeCheck = 1170;
				ORGANIZATIONNAME = "Jamie Brannan";
				TargetAttributes = {
					113EE60F253B472800B12CEF = {
						CreatedOnToolsVersion = 11.7;
					};
					113EE625253B472C00B12CEF = {
						CreatedOnToolsVersion = 11.7;
						TestTargetID = 113EE60F253B472800B12CEF;
					};
					113EE630253B472C00B12CEF = {
						CreatedOnToolsVersion = 11.7;
						TestTargetID = 113EE60F253B472800B12CEF;
					};
				};
			};
			buildConfigurationList = 113EE60B253B472800B12CEF /* Build configuration list for PBXProject "Project5" */;
			compatibilityVersion = "Xcode 9.3";
			developmentRegion = en;
			hasScannedForEncodings = 0;
			knownRegions = (
				en,
				Base,
			);
			mainGroup = 113EE607253B472800B12CEF;
			productRefGroup = 113EE611253B472800B12CEF /* Products */;
			projectDirPath = "";
			projectRoot = "";
			targets = (
				113EE60F253B472800B12CEF /* Project5 */,
				113EE625253B472C00B12CEF /* Project5Tests */,
				113EE630253B472C00B12CEF /* Project5UITests */,
			);
		};
/* End PBXProject section */

/* Begin PBXResourcesBuildPhase section */
		113EE60E253B472800B12CEF /* Resources */ = {
			isa = PBXResourcesBuildPhase;
			buildActionMask = 2147483647;
			files = (
				113EE620253B472C00B12CEF /* LaunchScreen.storyboard in Resources */,
				113EE644253B834A00B12CEF /* start.txt in Resources */,
				113EE61D253B472C00B12CEF /* Assets.xcassets in Resources */,
				113EE61B253B472800B12CEF /* Main.storyboard in Resources */,
			);
			runOnlyForDeploymentPostprocessing = 0;
		};
		113EE624253B472C00B12CEF /* Resources */ = {
			isa = PBXResourcesBuildPhase;
			buildActionMask = 2147483647;
			files = (
			);
			runOnlyForDeploymentPostprocessing = 0;
		};
		113EE62F253B472C00B12CEF /* Resources */ = {
			isa = PBXResourcesBuildPhase;
			buildActionMask = 2147483647;
			files = (
			);
			runOnlyForDeploymentPostprocessing = 0;
		};
/* End PBXResourcesBuildPhase section */

/* Begin PBXSourcesBuildPhase section */
		113EE60C253B472800B12CEF /* Sources */ = {
			isa = PBXSourcesBuildPhase;
			buildActionMask = 2147483647;
			files = (
				113EE618253B472800B12CEF /* ViewController.swift in Sources */,
				113EE614253B472800B12CEF /* AppDelegate.swift in Sources */,
				113EE616253B472800B12CEF /* SceneDelegate.swift in Sources */,
			);
			runOnlyForDeploymentPostprocessing = 0;
		};
		113EE622253B472C00B12CEF /* Sources */ = {
			isa = PBXSourcesBuildPhase;
			buildActionMask = 2147483647;
			files = (
				113EE62B253B472C00B12CEF /* Project5Tests.swift in Sources */,
			);
			runOnlyForDeploymentPostprocessing = 0;
		};
		113EE62D253B472C00B12CEF /* Sources */ = {
			isa = PBXSourcesBuildPhase;
			buildActionMask = 2147483647;
			files = (
				113EE636253B472C00B12CEF /* Project5UITests.swift in Sources */,
			);
			runOnlyForDeploymentPostprocessing = 0;
		};
/* End PBXSourcesBuildPhase section */

/* Begin PBXTargetDependency section */
		113EE628253B472C00B12CEF /* PBXTargetDependency */ = {
			isa = PBXTargetDependency;
			target = 113EE60F253B472800B12CEF /* Project5 */;
			targetProxy = 113EE627253B472C00B12CEF /* PBXContainerItemProxy */;
		};
		113EE633253B472C00B12CEF /* PBXTargetDependency */ = {
			isa = PBXTargetDependency;
			target = 113EE60F253B472800B12CEF /* Project5 */;
			targetProxy = 113EE632253B472C00B12CEF /* PBXContainerItemProxy */;
		};
/* End PBXTargetDependency section */

/* Begin PBXVariantGroup section */
		113EE619253B472800B12CEF /* Main.storyboard */ = {
			isa = PBXVariantGroup;
			children = (
				113EE61A253B472800B12CEF /* Base */,
			);
			name = Main.storyboard;
			sourceTree = "<group>";
		};
		113EE61E253B472C00B12CEF /* LaunchScreen.storyboard */ = {
			isa = PBXVariantGroup;
			children = (
				113EE61F253B472C00B12CEF /* Base */,
			);
			name = LaunchScreen.storyboard;
			sourceTree = "<group>";
		};
/* End PBXVariantGroup section */

/* Begin XCBuildConfiguration section */
		113EE638253B472C00B12CEF /* Debug */ = {
			isa = XCBuildConfiguration;
			buildSettings = {
				ALWAYS_SEARCH_USER_PATHS = NO;
				CLANG_ANALYZER_NONNULL = YES;
				CLANG_ANALYZER_NUMBER_OBJECT_CONVERSION = YES_AGGRESSIVE;
				CLANG_CXX_LANGUAGE_STANDARD = "gnu++14";
				CLANG_CXX_LIBRARY = "libc++";
				CLANG_ENABLE_MODULES = YES;
				CLANG_ENABLE_OBJC_ARC = YES;
				CLANG_ENABLE_OBJC_WEAK = YES;
				CLANG_WARN_BLOCK_CAPTURE_AUTORELEASING = YES;
				CLANG_WARN_BOOL_CONVERSION = YES;
				CLANG_WARN_COMMA = YES;
				CLANG_WARN_CONSTANT_CONVERSION = YES;
				CLANG_WARN_DEPRECATED_OBJC_IMPLEMENTATIONS = YES;
				CLANG_WARN_DIRECT_OBJC_ISA_USAGE = YES_ERROR;
				CLANG_WARN_DOCUMENTATION_COMMENTS = YES;
				CLANG_WARN_EMPTY_BODY = YES;
				CLANG_WARN_ENUM_CONVERSION = YES;
				CLANG_WARN_INFINITE_RECURSION = YES;
				CLANG_WARN_INT_CONVERSION = YES;
				CLANG_WARN_NON_LITERAL_NULL_CONVERSION = YES;
				CLANG_WARN_OBJC_IMPLICIT_RETAIN_SELF = YES;
				CLANG_WARN_OBJC_LITERAL_CONVERSION = YES;
				CLANG_WARN_OBJC_ROOT_CLASS = YES_ERROR;
				CLANG_WARN_RANGE_LOOP_ANALYSIS = YES;
				CLANG_WARN_STRICT_PROTOTYPES = YES;
				CLANG_WARN_SUSPICIOUS_MOVE = YES;
				CLANG_WARN_UNGUARDED_AVAILABILITY = YES_AGGRESSIVE;
				CLANG_WARN_UNREACHABLE_CODE = YES;
				CLANG_WARN__DUPLICATE_METHOD_MATCH = YES;
				COPY_PHASE_STRIP = NO;
				DEBUG_INFORMATION_FORMAT = dwarf;
				ENABLE_STRICT_OBJC_MSGSEND = YES;
				ENABLE_TESTABILITY = YES;
				GCC_C_LANGUAGE_STANDARD = gnu11;
				GCC_DYNAMIC_NO_PIC = NO;
				GCC_NO_COMMON_BLOCKS = YES;
				GCC_OPTIMIZATION_LEVEL = 0;
				GCC_PREPROCESSOR_DEFINITIONS = (
					"DEBUG=1",
					"$(inherited)",
				);
				GCC_WARN_64_TO_32_BIT_CONVERSION = YES;
				GCC_WARN_ABOUT_RETURN_TYPE = YES_ERROR;
				GCC_WARN_UNDECLARED_SELECTOR = YES;
				GCC_WARN_UNINITIALIZED_AUTOS = YES_AGGRESSIVE;
				GCC_WARN_UNUSED_FUNCTION = YES;
				GCC_WARN_UNUSED_VARIABLE = YES;
				IPHONEOS_DEPLOYMENT_TARGET = 13.7;
				MTL_ENABLE_DEBUG_INFO = INCLUDE_SOURCE;
				MTL_FAST_MATH = YES;
				ONLY_ACTIVE_ARCH = YES;
				SDKROOT = iphoneos;
				SWIFT_ACTIVE_COMPILATION_CONDITIONS = DEBUG;
				SWIFT_OPTIMIZATION_LEVEL = "-Onone";
			};
			name = Debug;
		};
		113EE639253B472C00B12CEF /* Release */ = {
			isa = XCBuildConfiguration;
			buildSettings = {
				ALWAYS_SEARCH_USER_PATHS = NO;
				CLANG_ANALYZER_NONNULL = YES;
				CLANG_ANALYZER_NUMBER_OBJECT_CONVERSION = YES_AGGRESSIVE;
				CLANG_CXX_LANGUAGE_STANDARD = "gnu++14";
				CLANG_CXX_LIBRARY = "libc++";
				CLANG_ENABLE_MODULES = YES;
				CLANG_ENABLE_OBJC_ARC = YES;
				CLANG_ENABLE_OBJC_WEAK = YES;
				CLANG_WARN_BLOCK_CAPTURE_AUTORELEASING = YES;
				CLANG_WARN_BOOL_CONVERSION = YES;
				CLANG_WARN_COMMA = YES;
				CLANG_WARN_CONSTANT_CONVERSION = YES;
				CLANG_WARN_DEPRECATED_OBJC_IMPLEMENTATIONS = YES;
				CLANG_WARN_DIRECT_OBJC_ISA_USAGE = YES_ERROR;
				CLANG_WARN_DOCUMENTATION_COMMENTS = YES;
				CLANG_WARN_EMPTY_BODY = YES;
				CLANG_WARN_ENUM_CONVERSION = YES;
				CLANG_WARN_INFINITE_RECURSION = YES;
				CLANG_WARN_INT_CONVERSION = YES;
				CLANG_WARN_NON_LITERAL_NULL_CONVERSION = YES;
				CLANG_WARN_OBJC_IMPLICIT_RETAIN_SELF = YES;
				CLANG_WARN_OBJC_LITERAL_CONVERSION = YES;
				CLANG_WARN_OBJC_ROOT_CLASS = YES_ERROR;
				CLANG_WARN_RANGE_LOOP_ANALYSIS = YES;
				CLANG_WARN_STRICT_PROTOTYPES = YES;
				CLANG_WARN_SUSPICIOUS_MOVE = YES;
				CLANG_WARN_UNGUARDED_AVAILABILITY = YES_AGGRESSIVE;
				CLANG_WARN_UNREACHABLE_CODE = YES;
				CLANG_WARN__DUPLICATE_METHOD_MATCH = YES;
				COPY_PHASE_STRIP = NO;
				DEBUG_INFORMATION_FORMAT = "dwarf-with-dsym";
				ENABLE_NS_ASSERTIONS = NO;
				ENABLE_STRICT_OBJC_MSGSEND = YES;
				GCC_C_LANGUAGE_STANDARD = gnu11;
				GCC_NO_COMMON_BLOCKS = YES;
				GCC_WARN_64_TO_32_BIT_CONVERSION = YES;
				GCC_WARN_ABOUT_RETURN_TYPE = YES_ERROR;
				GCC_WARN_UNDECLARED_SELECTOR = YES;
				GCC_WARN_UNINITIALIZED_AUTOS = YES_AGGRESSIVE;
				GCC_WARN_UNUSED_FUNCTION = YES;
				GCC_WARN_UNUSED_VARIABLE = YES;
				IPHONEOS_DEPLOYMENT_TARGET = 13.7;
				MTL_ENABLE_DEBUG_INFO = NO;
				MTL_FAST_MATH = YES;
				SDKROOT = iphoneos;
				SWIFT_COMPILATION_MODE = wholemodule;
				SWIFT_OPTIMIZATION_LEVEL = "-O";
				VALIDATE_PRODUCT = YES;
			};
			name = Release;
		};
		113EE63B253B472C00B12CEF /* Debug */ = {
			isa = XCBuildConfiguration;
			buildSettings = {
				ASSETCATALOG_COMPILER_APPICON_NAME = AppIcon;
				CODE_SIGN_STYLE = Automatic;
				DEVELOPMENT_TEAM = 5T446K389W;
				INFOPLIST_FILE = Project5/Info.plist;
				LD_RUNPATH_SEARCH_PATHS = (
					"$(inherited)",
					"@executable_path/Frameworks",
				);
				PRODUCT_BUNDLE_IDENTIFIER = jamie.brannan.Project5;
				PRODUCT_NAME = "$(TARGET_NAME)";
				SWIFT_VERSION = 5.0;
				TARGETED_DEVICE_FAMILY = "1,2";
			};
			name = Debug;
		};
		113EE63C253B472C00B12CEF /* Release */ = {
			isa = XCBuildConfiguration;
			buildSettings = {
				ASSETCATALOG_COMPILER_APPICON_NAME = AppIcon;
				CODE_SIGN_STYLE = Automatic;
				DEVELOPMENT_TEAM = 5T446K389W;
				INFOPLIST_FILE = Project5/Info.plist;
				LD_RUNPATH_SEARCH_PATHS = (
					"$(inherited)",
					"@executable_path/Frameworks",
				);
				PRODUCT_BUNDLE_IDENTIFIER = jamie.brannan.Project5;
				PRODUCT_NAME = "$(TARGET_NAME)";
				SWIFT_VERSION = 5.0;
				TARGETED_DEVICE_FAMILY = "1,2";
			};
			name = Release;
		};
		113EE63E253B472C00B12CEF /* Debug */ = {
			isa = XCBuildConfiguration;
			buildSettings = {
				ALWAYS_EMBED_SWIFT_STANDARD_LIBRARIES = YES;
				BUNDLE_LOADER = "$(TEST_HOST)";
				CODE_SIGN_STYLE = Automatic;
				DEVELOPMENT_TEAM = 5T446K389W;
				INFOPLIST_FILE = Project5Tests/Info.plist;
				IPHONEOS_DEPLOYMENT_TARGET = 13.7;
				LD_RUNPATH_SEARCH_PATHS = (
					"$(inherited)",
					"@executable_path/Frameworks",
					"@loader_path/Frameworks",
				);
				PRODUCT_BUNDLE_IDENTIFIER = jamie.brannan.Project5Tests;
				PRODUCT_NAME = "$(TARGET_NAME)";
				SWIFT_VERSION = 5.0;
				TARGETED_DEVICE_FAMILY = "1,2";
				TEST_HOST = "$(BUILT_PRODUCTS_DIR)/Project5.app/Project5";
			};
			name = Debug;
		};
		113EE63F253B472C00B12CEF /* Release */ = {
			isa = XCBuildConfiguration;
			buildSettings = {
				ALWAYS_EMBED_SWIFT_STANDARD_LIBRARIES = YES;
				BUNDLE_LOADER = "$(TEST_HOST)";
				CODE_SIGN_STYLE = Automatic;
				DEVELOPMENT_TEAM = 5T446K389W;
				INFOPLIST_FILE = Project5Tests/Info.plist;
				IPHONEOS_DEPLOYMENT_TARGET = 13.7;
				LD_RUNPATH_SEARCH_PATHS = (
					"$(inherited)",
					"@executable_path/Frameworks",
					"@loader_path/Frameworks",
				);
				PRODUCT_BUNDLE_IDENTIFIER = jamie.brannan.Project5Tests;
				PRODUCT_NAME = "$(TARGET_NAME)";
				SWIFT_VERSION = 5.0;
				TARGETED_DEVICE_FAMILY = "1,2";
				TEST_HOST = "$(BUILT_PRODUCTS_DIR)/Project5.app/Project5";
			};
			name = Release;
		};
		113EE641253B472C00B12CEF /* Debug */ = {
			isa = XCBuildConfiguration;
			buildSettings = {
				ALWAYS_EMBED_SWIFT_STANDARD_LIBRARIES = YES;
				CODE_SIGN_STYLE = Automatic;
				DEVELOPMENT_TEAM = 5T446K389W;
				INFOPLIST_FILE = Project5UITests/Info.plist;
				LD_RUNPATH_SEARCH_PATHS = (
					"$(inherited)",
					"@executable_path/Frameworks",
					"@loader_path/Frameworks",
				);
				PRODUCT_BUNDLE_IDENTIFIER = jamie.brannan.Project5UITests;
				PRODUCT_NAME = "$(TARGET_NAME)";
				SWIFT_VERSION = 5.0;
				TARGETED_DEVICE_FAMILY = "1,2";
				TEST_TARGET_NAME = Project5;
			};
			name = Debug;
		};
		113EE642253B472C00B12CEF /* Release */ = {
			isa = XCBuildConfiguration;
			buildSettings = {
				ALWAYS_EMBED_SWIFT_STANDARD_LIBRARIES = YES;
				CODE_SIGN_STYLE = Automatic;
				DEVELOPMENT_TEAM = 5T446K389W;
				INFOPLIST_FILE = Project5UITests/Info.plist;
				LD_RUNPATH_SEARCH_PATHS = (
					"$(inherited)",
					"@executable_path/Frameworks",
					"@loader_path/Frameworks",
				);
				PRODUCT_BUNDLE_IDENTIFIER = jamie.brannan.Project5UITests;
				PRODUCT_NAME = "$(TARGET_NAME)";
				SWIFT_VERSION = 5.0;
				TARGETED_DEVICE_FAMILY = "1,2";
				TEST_TARGET_NAME = Project5;
			};
			name = Release;
		};
/* End XCBuildConfiguration section */

/* Begin XCConfigurationList section */
		113EE60B253B472800B12CEF /* Build configuration list for PBXProject "Project5" */ = {
			isa = XCConfigurationList;
			buildConfigurations = (
				113EE638253B472C00B12CEF /* Debug */,
				113EE639253B472C00B12CEF /* Release */,
			);
			defaultConfigurationIsVisible = 0;
			defaultConfigurationName = Release;
		};
		113EE63A253B472C00B12CEF /* Build configuration list for PBXNativeTarget "Project5" */ = {
			isa = XCConfigurationList;
			buildConfigurations = (
				113EE63B253B472C00B12CEF /* Debug */,
				113EE63C253B472C00B12CEF /* Release */,
			);
			defaultConfigurationIsVisible = 0;
			defaultConfigurationName = Release;
		};
		113EE63D253B472C00B12CEF /* Build configuration list for PBXNativeTarget "Project5Tests" */ = {
			isa = XCConfigurationList;
			buildConfigurations = (
				113EE63E253B472C00B12CEF /* Debug */,
				113EE63F253B472C00B12CEF /* Release */,
			);
			defaultConfigurationIsVisible = 0;
			defaultConfigurationName = Release;
		};
		113EE640253B472C00B12CEF /* Build configuration list for PBXNativeTarget "Project5UITests" */ = {
			isa = XCConfigurationList;
			buildConfigurations = (
				113EE641253B472C00B12CEF /* Debug */,
				113EE642253B472C00B12CEF /* Release */,
			);
			defaultConfigurationIsVisible = 0;
			defaultConfigurationName = Release;
		};
/* End XCConfigurationList section */
	};
	rootObject = 113EE608253B472800B12CEF /* Project object */;
}
