// !$*UTF8*$!
{
	archiveVersion = 1;
	classes = {
	};
	objectVersion = 55;
	objects = {

/* Begin PBXBuildFile section */
		115F7BDD28970DF5005E91E8 /* AppDelegate.swift in Sources */ = {isa = PBXBuildFile; fileRef = 115F7BDC28970DF5005E91E8 /* AppDelegate.swift */; };
		115F7BDF28970DF6005E91E8 /* GameScene.sks in Resources */ = {isa = PBXBuildFile; fileRef = 115F7BDE28970DF6005E91E8 /* GameScene.sks */; };
		115F7BE128970DF6005E91E8 /* Actions.sks in Resources */ = {isa = PBXBuildFile; fileRef = 115F7BE028970DF6005E91E8 /* Actions.sks */; };
		115F7BE328970DF6005E91E8 /* GameScene.swift in Sources */ = {isa = PBXBuildFile; fileRef = 115F7BE228970DF6005E91E8 /* GameScene.swift */; };
		115F7BE528970DF6005E91E8 /* GameViewController.swift in Sources */ = {isa = PBXBuildFile; fileRef = 115F7BE428970DF6005E91E8 /* GameViewController.swift */; };
		115F7BE828970DF6005E91E8 /* Main.storyboard in Resources */ = {isa = PBXBuildFile; fileRef = 115F7BE628970DF6005E91E8 /* Main.storyboard */; };
		115F7BEA28970DF9005E91E8 /* Assets.xcassets in Resources */ = {isa = PBXBuildFile; fileRef = 115F7BE928970DF9005E91E8 /* Assets.xcassets */; };
		115F7BED28970DF9005E91E8 /* LaunchScreen.storyboard in Resources */ = {isa = PBXBuildFile; fileRef = 115F7BEB28970DF9005E91E8 /* LaunchScreen.storyboard */; };
		115F7BFD28971C72005E91E8 /* sliceFuse.sks in Resources */ = {isa = PBXBuildFile; fileRef = 115F7BF328971C71005E91E8 /* sliceFuse.sks */; };
		115F7BFE28971C72005E91E8 /* sliceBombFuse.caf in Resources */ = {isa = PBXBuildFile; fileRef = 115F7BF428971C72005E91E8 /* sliceBombFuse.caf */; };
		115F7BFF28971C72005E91E8 /* sliceHitEnemy.sks in Resources */ = {isa = PBXBuildFile; fileRef = 115F7BF528971C72005E91E8 /* sliceHitEnemy.sks */; };
		115F7C0028971C72005E91E8 /* swoosh1.caf in Resources */ = {isa = PBXBuildFile; fileRef = 115F7BF628971C72005E91E8 /* swoosh1.caf */; };
		115F7C0128971C72005E91E8 /* swoosh2.caf in Resources */ = {isa = PBXBuildFile; fileRef = 115F7BF728971C72005E91E8 /* swoosh2.caf */; };
		115F7C0228971C72005E91E8 /* swoosh3.caf in Resources */ = {isa = PBXBuildFile; fileRef = 115F7BF828971C72005E91E8 /* swoosh3.caf */; };
		115F7C0328971C72005E91E8 /* wrong.caf in Resources */ = {isa = PBXBuildFile; fileRef = 115F7BF928971C72005E91E8 /* wrong.caf */; };
		115F7C0428971C72005E91E8 /* launch.caf in Resources */ = {isa = PBXBuildFile; fileRef = 115F7BFA28971C72005E91E8 /* launch.caf */; };
		115F7C0528971C72005E91E8 /* sliceHitBomb.sks in Resources */ = {isa = PBXBuildFile; fileRef = 115F7BFB28971C72005E91E8 /* sliceHitBomb.sks */; };
		115F7C0628971C72005E91E8 /* whack.caf in Resources */ = {isa = PBXBuildFile; fileRef = 115F7BFC28971C72005E91E8 /* whack.caf */; };
/* End PBXBuildFile section */

/* Begin PBXFileReference section */
		115F7BD928970DF5005E91E8 /* Project23.app */ = {isa = PBXFileReference; explicitFileType = wrapper.application; includeInIndex = 0; path = Project23.app; sourceTree = BUILT_PRODUCTS_DIR; };
		115F7BDC28970DF5005E91E8 /* AppDelegate.swift */ = {isa = PBXFileReference; lastKnownFileType = sourcecode.swift; path = AppDelegate.swift; sourceTree = "<group>"; };
		115F7BDE28970DF6005E91E8 /* GameScene.sks */ = {isa = PBXFileReference; lastKnownFileType = file.sks; path = GameScene.sks; sourceTree = "<group>"; };
		115F7BE028970DF6005E91E8 /* Actions.sks */ = {isa = PBXFileReference; lastKnownFileType = file.sks; path = Actions.sks; sourceTree = "<group>"; };
		115F7BE228970DF6005E91E8 /* GameScene.swift */ = {isa = PBXFileReference; lastKnownFileType = sourcecode.swift; path = GameScene.swift; sourceTree = "<group>"; };
		115F7BE428970DF6005E91E8 /* GameViewController.swift */ = {isa = PBXFileReference; lastKnownFileType = sourcecode.swift; path = GameViewController.swift; sourceTree = "<group>"; };
		115F7BE728970DF6005E91E8 /* Base */ = {isa = PBXFileReference; lastKnownFileType = file.storyboard; name = Base; path = Base.lproj/Main.storyboard; sourceTree = "<group>"; };
		115F7BE928970DF9005E91E8 /* Assets.xcassets */ = {isa = PBXFileReference; lastKnownFileType = folder.assetcatalog; path = Assets.xcassets; sourceTree = "<group>"; };
		115F7BEC28970DF9005E91E8 /* Base */ = {isa = PBXFileReference; lastKnownFileType = file.storyboard; name = Base; path = Base.lproj/LaunchScreen.storyboard; sourceTree = "<group>"; };
		115F7BF328971C71005E91E8 /* sliceFuse.sks */ = {isa = PBXFileReference; lastKnownFileType = file.sks; path = sliceFuse.sks; sourceTree = "<group>"; };
		115F7BF428971C72005E91E8 /* sliceBombFuse.caf */ = {isa = PBXFileReference; lastKnownFileType = file; path = sliceBombFuse.caf; sourceTree = "<group>"; };
		115F7BF528971C72005E91E8 /* sliceHitEnemy.sks */ = {isa = PBXFileReference; lastKnownFileType = file.sks; path = sliceHitEnemy.sks; sourceTree = "<group>"; };
		115F7BF628971C72005E91E8 /* swoosh1.caf */ = {isa = PBXFileReference; lastKnownFileType = file; path = swoosh1.caf; sourceTree = "<group>"; };
		115F7BF728971C72005E91E8 /* swoosh2.caf */ = {isa = PBXFileReference; lastKnownFileType = file; path = swoosh2.caf; sourceTree = "<group>"; };
		115F7BF828971C72005E91E8 /* swoosh3.caf */ = {isa = PBXFileReference; lastKnownFileType = file; path = swoosh3.caf; sourceTree = "<group>"; };
		115F7BF928971C72005E91E8 /* wrong.caf */ = {isa = PBXFileReference; lastKnownFileType = file; path = wrong.caf; sourceTree = "<group>"; };
		115F7BFA28971C72005E91E8 /* launch.caf */ = {isa = PBXFileReference; lastKnownFileType = file; path = launch.caf; sourceTree = "<group>"; };
		115F7BFB28971C72005E91E8 /* sliceHitBomb.sks */ = {isa = PBXFileReference; lastKnownFileType = file.sks; path = sliceHitBomb.sks; sourceTree = "<group>"; };
		115F7BFC28971C72005E91E8 /* whack.caf */ = {isa = PBXFileReference; lastKnownFileType = file; path = whack.caf; sourceTree = "<group>"; };
		115F7C0728971C7A005E91E8 /* explosion.caf */ = {isa = PBXFileReference; lastKnownFileType = file; path = explosion.caf; sourceTree = "<group>"; };
/* End PBXFileReference section */

/* Begin PBXFrameworksBuildPhase section */
		115F7BD628970DF5005E91E8 /* Frameworks */ = {
			isa = PBXFrameworksBuildPhase;
			buildActionMask = 2147483647;
			files = (
			);
			runOnlyForDeploymentPostprocessing = 0;
		};
/* End PBXFrameworksBuildPhase section */

/* Begin PBXGroup section */
		115F7BD028970DF5005E91E8 = {
			isa = PBXGroup;
			children = (
				115F7BDB28970DF5005E91E8 /* Project23 */,
				115F7BDA28970DF5005E91E8 /* Products */,
			);
			sourceTree = "<group>";
		};
		115F7BDA28970DF5005E91E8 /* Products */ = {
			isa = PBXGroup;
			children = (
				115F7BD928970DF5005E91E8 /* Project23.app */,
			);
			name = Products;
			sourceTree = "<group>";
		};
		115F7BDB28970DF5005E91E8 /* Project23 */ = {
			isa = PBXGroup;
			children = (
				115F7BDC28970DF5005E91E8 /* AppDelegate.swift */,
				115F7BDE28970DF6005E91E8 /* GameScene.sks */,
				115F7BE028970DF6005E91E8 /* Actions.sks */,
				115F7BE228970DF6005E91E8 /* GameScene.swift */,
				115F7BE428970DF6005E91E8 /* GameViewController.swift */,
				115F7BE628970DF6005E91E8 /* Main.storyboard */,
				115F7BE928970DF9005E91E8 /* Assets.xcassets */,
				115F7BEB28970DF9005E91E8 /* LaunchScreen.storyboard */,
				115F7BFA28971C72005E91E8 /* launch.caf */,
				115F7BF428971C72005E91E8 /* sliceBombFuse.caf */,
				115F7BF328971C71005E91E8 /* sliceFuse.sks */,
				115F7BFB28971C72005E91E8 /* sliceHitBomb.sks */,
				115F7BF528971C72005E91E8 /* sliceHitEnemy.sks */,
				115F7BF628971C72005E91E8 /* swoosh1.caf */,
				115F7BF728971C72005E91E8 /* swoosh2.caf */,
				115F7BF828971C72005E91E8 /* swoosh3.caf */,
				115F7BFC28971C72005E91E8 /* whack.caf */,
				115F7BF928971C72005E91E8 /* wrong.caf */,
				115F7C0728971C7A005E91E8 /* explosion.caf */,
			);
			path = Project23;
			sourceTree = "<group>";
		};
/* End PBXGroup section */

/* Begin PBXNativeTarget section */
		115F7BD828970DF5005E91E8 /* Project23 */ = {
			isa = PBXNativeTarget;
			buildConfigurationList = 115F7BF028970DF9005E91E8 /* Build configuration list for PBXNativeTarget "Project23" */;
			buildPhases = (
				115F7BD528970DF5005E91E8 /* Sources */,
				115F7BD628970DF5005E91E8 /* Frameworks */,
				115F7BD728970DF5005E91E8 /* Resources */,
			);
			buildRules = (
			);
			dependencies = (
			);
			name = Project23;
			productName = Project23;
			productReference = 115F7BD928970DF5005E91E8 /* Project23.app */;
			productType = "com.apple.product-type.application";
		};
/* End PBXNativeTarget section */

/* Begin PBXProject section */
		115F7BD128970DF5005E91E8 /* Project object */ = {
			isa = PBXProject;
			attributes = {
				BuildIndependentTargetsInParallel = 1;
				LastSwiftUpdateCheck = 1340;
				LastUpgradeCheck = 1340;
				TargetAttributes = {
					115F7BD828970DF5005E91E8 = {
						CreatedOnToolsVersion = 13.4.1;
					};
				};
			};
			buildConfigurationList = 115F7BD428970DF5005E91E8 /* Build configuration list for PBXProject "Project23" */;
			compatibilityVersion = "Xcode 13.0";
			developmentRegion = en;
			hasScannedForEncodings = 0;
			knownRegions = (
				en,
				Base,
			);
			mainGroup = 115F7BD028970DF5005E91E8;
			productRefGroup = 115F7BDA28970DF5005E91E8 /* Products */;
			projectDirPath = "";
			projectRoot = "";
			targets = (
				115F7BD828970DF5005E91E8 /* Project23 */,
			);
		};
/* End PBXProject section */

/* Begin PBXResourcesBuildPhase section */
		115F7BD728970DF5005E91E8 /* Resources */ = {
			isa = PBXResourcesBuildPhase;
			buildActionMask = 2147483647;
			files = (
				115F7C0228971C72005E91E8 /* swoosh3.caf in Resources */,
				115F7C0428971C72005E91E8 /* launch.caf in Resources */,
				115F7C0128971C72005E91E8 /* swoosh2.caf in Resources */,
				115F7BE828970DF6005E91E8 /* Main.storyboard in Resources */,
				115F7C0528971C72005E91E8 /* sliceHitBomb.sks in Resources */,
				115F7BDF28970DF6005E91E8 /* GameScene.sks in Resources */,
				115F7BEA28970DF9005E91E8 /* Assets.xcassets in Resources */,
				115F7BFF28971C72005E91E8 /* sliceHitEnemy.sks in Resources */,
				115F7BED28970DF9005E91E8 /* LaunchScreen.storyboard in Resources */,
				115F7BE128970DF6005E91E8 /* Actions.sks in Resources */,
				115F7BFE28971C72005E91E8 /* sliceBombFuse.caf in Resources */,
				115F7C0628971C72005E91E8 /* whack.caf in Resources */,
				115F7BFD28971C72005E91E8 /* sliceFuse.sks in Resources */,
				115F7C0328971C72005E91E8 /* wrong.caf in Resources */,
				115F7C0028971C72005E91E8 /* swoosh1.caf in Resources */,
			);
			runOnlyForDeploymentPostprocessing = 0;
		};
/* End PBXResourcesBuildPhase section */

/* Begin PBXSourcesBuildPhase section */
		115F7BD528970DF5005E91E8 /* Sources */ = {
			isa = PBXSourcesBuildPhase;
			buildActionMask = 2147483647;
			files = (
				115F7BE328970DF6005E91E8 /* GameScene.swift in Sources */,
				115F7BE528970DF6005E91E8 /* GameViewController.swift in Sources */,
				115F7BDD28970DF5005E91E8 /* AppDelegate.swift in Sources */,
			);
			runOnlyForDeploymentPostprocessing = 0;
		};
/* End PBXSourcesBuildPhase section */

/* Begin PBXVariantGroup section */
		115F7BE628970DF6005E91E8 /* Main.storyboard */ = {
			isa = PBXVariantGroup;
			children = (
				115F7BE728970DF6005E91E8 /* Base */,
			);
			name = Main.storyboard;
			sourceTree = "<group>";
		};
		115F7BEB28970DF9005E91E8 /* LaunchScreen.storyboard */ = {
			isa = PBXVariantGroup;
			children = (
				115F7BEC28970DF9005E91E8 /* Base */,
			);
			name = LaunchScreen.storyboard;
			sourceTree = "<group>";
		};
/* End PBXVariantGroup section */

/* Begin XCBuildConfiguration section */
		115F7BEE28970DF9005E91E8 /* Debug */ = {
			isa = XCBuildConfiguration;
			buildSettings = {
				ALWAYS_SEARCH_USER_PATHS = NO;
				CLANG_ANALYZER_NONNULL = YES;
				CLANG_ANALYZER_NUMBER_OBJECT_CONVERSION = YES_AGGRESSIVE;
				CLANG_CXX_LANGUAGE_STANDARD = "gnu++17";
				CLANG_ENABLE_MODULES = YES;
				CLANG_ENABLE_OBJC_ARC = YES;
				CLANG_ENABLE_OBJC_WEAK = YES;
				CLANG_WARN_BLOCK_CAPTURE_AUTORELEASING = YES;
				CLANG_WARN_BOOL_CONVERSION = YES;
				CLANG_WARN_COMMA = YES;
				CLANG_WARN_CONSTANT_CONVERSION = YES;
				CLANG_WARN_DEPRECATED_OBJC_IMPLEMENTATIONS = YES;
				CLANG_WARN_DIRECT_OBJC_ISA_USAGE = YES_ERROR;
				CLANG_WARN_DOCUMENTATION_COMMENTS = YES;
				CLANG_WARN_EMPTY_BODY = YES;
				CLANG_WARN_ENUM_CONVERSION = YES;
				CLANG_WARN_INFINITE_RECURSION = YES;
				CLANG_WARN_INT_CONVERSION = YES;
				CLANG_WARN_NON_LITERAL_NULL_CONVERSION = YES;
				CLANG_WARN_OBJC_IMPLICIT_RETAIN_SELF = YES;
				CLANG_WARN_OBJC_LITERAL_CONVERSION = YES;
				CLANG_WARN_OBJC_ROOT_CLASS = YES_ERROR;
				CLANG_WARN_QUOTED_INCLUDE_IN_FRAMEWORK_HEADER = YES;
				CLANG_WARN_RANGE_LOOP_ANALYSIS = YES;
				CLANG_WARN_STRICT_PROTOTYPES = YES;
				CLANG_WARN_SUSPICIOUS_MOVE = YES;
				CLANG_WARN_UNGUARDED_AVAILABILITY = YES_AGGRESSIVE;
				CLANG_WARN_UNREACHABLE_CODE = YES;
				CLANG_WARN__DUPLICATE_METHOD_MATCH = YES;
				COPY_PHASE_STRIP = NO;
				DEBUG_INFORMATION_FORMAT = dwarf;
				ENABLE_STRICT_OBJC_MSGSEND = YES;
				ENABLE_TESTABILITY = YES;
				GCC_C_LANGUAGE_STANDARD = gnu11;
				GCC_DYNAMIC_NO_PIC = NO;
				GCC_NO_COMMON_BLOCKS = YES;
				GCC_OPTIMIZATION_LEVEL = 0;
				GCC_PREPROCESSOR_DEFINITIONS = (
					"DEBUG=1",
					"$(inherited)",
				);
				GCC_WARN_64_TO_32_BIT_CONVERSION = YES;
				GCC_WARN_ABOUT_RETURN_TYPE = YES_ERROR;
				GCC_WARN_UNDECLARED_SELECTOR = YES;
				GCC_WARN_UNINITIALIZED_AUTOS = YES_AGGRESSIVE;
				GCC_WARN_UNUSED_FUNCTION = YES;
				GCC_WARN_UNUSED_VARIABLE = YES;
				IPHONEOS_DEPLOYMENT_TARGET = 15.5;
				MTL_ENABLE_DEBUG_INFO = INCLUDE_SOURCE;
				MTL_FAST_MATH = YES;
				ONLY_ACTIVE_ARCH = YES;
				SDKROOT = iphoneos;
				SWIFT_ACTIVE_COMPILATION_CONDITIONS = DEBUG;
				SWIFT_OPTIMIZATION_LEVEL = "-Onone";
			};
			name = Debug;
		};
		115F7BEF28970DF9005E91E8 /* Release */ = {
			isa = XCBuildConfiguration;
			buildSettings = {
				ALWAYS_SEARCH_USER_PATHS = NO;
				CLANG_ANALYZER_NONNULL = YES;
				CLANG_ANALYZER_NUMBER_OBJECT_CONVERSION = YES_AGGRESSIVE;
				CLANG_CXX_LANGUAGE_STANDARD = "gnu++17";
				CLANG_ENABLE_MODULES = YES;
				CLANG_ENABLE_OBJC_ARC = YES;
				CLANG_ENABLE_OBJC_WEAK = YES;
				CLANG_WARN_BLOCK_CAPTURE_AUTORELEASING = YES;
				CLANG_WARN_BOOL_CONVERSION = YES;
				CLANG_WARN_COMMA = YES;
				CLANG_WARN_CONSTANT_CONVERSION = YES;
				CLANG_WARN_DEPRECATED_OBJC_IMPLEMENTATIONS = YES;
				CLANG_WARN_DIRECT_OBJC_ISA_USAGE = YES_ERROR;
				CLANG_WARN_DOCUMENTATION_COMMENTS = YES;
				CLANG_WARN_EMPTY_BODY = YES;
				CLANG_WARN_ENUM_CONVERSION = YES;
				CLANG_WARN_INFINITE_RECURSION = YES;
				CLANG_WARN_INT_CONVERSION = YES;
				CLANG_WARN_NON_LITERAL_NULL_CONVERSION = YES;
				CLANG_WARN_OBJC_IMPLICIT_RETAIN_SELF = YES;
				CLANG_WARN_OBJC_LITERAL_CONVERSION = YES;
				CLANG_WARN_OBJC_ROOT_CLASS = YES_ERROR;
				CLANG_WARN_QUOTED_INCLUDE_IN_FRAMEWORK_HEADER = YES;
				CLANG_WARN_RANGE_LOOP_ANALYSIS = YES;
				CLANG_WARN_STRICT_PROTOTYPES = YES;
				CLANG_WARN_SUSPICIOUS_MOVE = YES;
				CLANG_WARN_UNGUARDED_AVAILABILITY = YES_AGGRESSIVE;
				CLANG_WARN_UNREACHABLE_CODE = YES;
				CLANG_WARN__DUPLICATE_METHOD_MATCH = YES;
				COPY_PHASE_STRIP = NO;
				DEBUG_INFORMATION_FORMAT = "dwarf-with-dsym";
				ENABLE_NS_ASSERTIONS = NO;
				ENABLE_STRICT_OBJC_MSGSEND = YES;
				GCC_C_LANGUAGE_STANDARD = gnu11;
				GCC_NO_COMMON_BLOCKS = YES;
				GCC_WARN_64_TO_32_BIT_CONVERSION = YES;
				GCC_WARN_ABOUT_RETURN_TYPE = YES_ERROR;
				GCC_WARN_UNDECLARED_SELECTOR = YES;
				GCC_WARN_UNINITIALIZED_AUTOS = YES_AGGRESSIVE;
				GCC_WARN_UNUSED_FUNCTION = YES;
				GCC_WARN_UNUSED_VARIABLE = YES;
				IPHONEOS_DEPLOYMENT_TARGET = 15.5;
				MTL_ENABLE_DEBUG_INFO = NO;
				MTL_FAST_MATH = YES;
				SDKROOT = iphoneos;
				SWIFT_COMPILATION_MODE = wholemodule;
				SWIFT_OPTIMIZATION_LEVEL = "-O";
				VALIDATE_PRODUCT = YES;
			};
			name = Release;
		};
		115F7BF128970DF9005E91E8 /* Debug */ = {
			isa = XCBuildConfiguration;
			buildSettings = {
				ASSETCATALOG_COMPILER_APPICON_NAME = AppIcon;
				ASSETCATALOG_COMPILER_GLOBAL_ACCENT_COLOR_NAME = AccentColor;
				CODE_SIGN_STYLE = Automatic;
				CURRENT_PROJECT_VERSION = 1;
				DEVELOPMENT_TEAM = 843FCJSS4Z;
				GENERATE_INFOPLIST_FILE = YES;
				INFOPLIST_KEY_UIApplicationSupportsIndirectInputEvents = YES;
				INFOPLIST_KEY_UILaunchStoryboardName = LaunchScreen;
				INFOPLIST_KEY_UIMainStoryboardFile = Main;
				INFOPLIST_KEY_UIStatusBarHidden = YES;
				INFOPLIST_KEY_UISupportedInterfaceOrientations_iPad = "UIInterfaceOrientationPortrait UIInterfaceOrientationPortraitUpsideDown UIInterfaceOrientationLandscapeLeft UIInterfaceOrientationLandscapeRight";
				INFOPLIST_KEY_UISupportedInterfaceOrientations_iPhone = "UIInterfaceOrientationPortrait UIInterfaceOrientationLandscapeLeft UIInterfaceOrientationLandscapeRight";
				LD_RUNPATH_SEARCH_PATHS = (
					"$(inherited)",
					"@executable_path/Frameworks",
				);
				MARKETING_VERSION = 1.0;
				PRODUCT_BUNDLE_IDENTIFIER = com.exemple.Project23;
				PRODUCT_NAME = "$(TARGET_NAME)";
				SWIFT_EMIT_LOC_STRINGS = YES;
				SWIFT_VERSION = 5.0;
				TARGETED_DEVICE_FAMILY = 2;
			};
			name = Debug;
		};
		115F7BF228970DF9005E91E8 /* Release */ = {
			isa = XCBuildConfiguration;
			buildSettings = {
				ASSETCATALOG_COMPILER_APPICON_NAME = AppIcon;
				ASSETCATALOG_COMPILER_GLOBAL_ACCENT_COLOR_NAME = AccentColor;
				CODE_SIGN_STYLE = Automatic;
				CURRENT_PROJECT_VERSION = 1;
				DEVELOPMENT_TEAM = 843FCJSS4Z;
				GENERATE_INFOPLIST_FILE = YES;
				INFOPLIST_KEY_UIApplicationSupportsIndirectInputEvents = YES;
				INFOPLIST_KEY_UILaunchStoryboardName = LaunchScreen;
				INFOPLIST_KEY_UIMainStoryboardFile = Main;
				INFOPLIST_KEY_UIStatusBarHidden = YES;
				INFOPLIST_KEY_UISupportedInterfaceOrientations_iPad = "UIInterfaceOrientationPortrait UIInterfaceOrientationPortraitUpsideDown UIInterfaceOrientationLandscapeLeft UIInterfaceOrientationLandscapeRight";
				INFOPLIST_KEY_UISupportedInterfaceOrientations_iPhone = "UIInterfaceOrientationPortrait UIInterfaceOrientationLandscapeLeft UIInterfaceOrientationLandscapeRight";
				LD_RUNPATH_SEARCH_PATHS = (
					"$(inherited)",
					"@executable_path/Frameworks",
				);
				MARKETING_VERSION = 1.0;
				PRODUCT_BUNDLE_IDENTIFIER = com.exemple.Project23;
				PRODUCT_NAME = "$(TARGET_NAME)";
				SWIFT_EMIT_LOC_STRINGS = YES;
				SWIFT_VERSION = 5.0;
				TARGETED_DEVICE_FAMILY = 2;
			};
			name = Release;
		};
/* End XCBuildConfiguration section */

/* Begin XCConfigurationList section */
		115F7BD428970DF5005E91E8 /* Build configuration list for PBXProject "Project23" */ = {
			isa = XCConfigurationList;
			buildConfigurations = (
				115F7BEE28970DF9005E91E8 /* Debug */,
				115F7BEF28970DF9005E91E8 /* Release */,
			);
			defaultConfigurationIsVisible = 0;
			defaultConfigurationName = Release;
		};
		115F7BF028970DF9005E91E8 /* Build configuration list for PBXNativeTarget "Project23" */ = {
			isa = XCConfigurationList;
			buildConfigurations = (
				115F7BF128970DF9005E91E8 /* Debug */,
				115F7BF228970DF9005E91E8 /* Release */,
			);
			defaultConfigurationIsVisible = 0;
			defaultConfigurationName = Release;
		};
/* End XCConfigurationList section */
	};
	rootObject = 115F7BD128970DF5005E91E8 /* Project object */;
}
