// !$*UTF8*$!
{
	archiveVersion = 1;
	classes = {
	};
	objectVersion = 50;
	objects = {

/* Begin PBXBuildFile section */
		11B70FB2251CD8F200C3C378 /* AppDelegate.swift in Sources */ = {isa = PBXBuildFile; fileRef = 11B70FB1251CD8F200C3C378 /* AppDelegate.swift */; };
		11B70FB4251CD8F200C3C378 /* SceneDelegate.swift in Sources */ = {isa = PBXBuildFile; fileRef = 11B70FB3251CD8F200C3C378 /* SceneDelegate.swift */; };
		11B70FB6251CD8F200C3C378 /* ViewController.swift in Sources */ = {isa = PBXBuildFile; fileRef = 11B70FB5251CD8F200C3C378 /* ViewController.swift */; };
		11B70FB9251CD8F200C3C378 /* Main.storyboard in Resources */ = {isa = PBXBuildFile; fileRef = 11B70FB7251CD8F200C3C378 /* Main.storyboard */; };
		11B70FBB251CD8F400C3C378 /* Assets.xcassets in Resources */ = {isa = PBXBuildFile; fileRef = 11B70FBA251CD8F400C3C378 /* Assets.xcassets */; };
		11B70FBE251CD8F400C3C378 /* LaunchScreen.storyboard in Resources */ = {isa = PBXBuildFile; fileRef = 11B70FBC251CD8F400C3C378 /* LaunchScreen.storyboard */; };
		11B70FC9251CD8F500C3C378 /* Project4Tests.swift in Sources */ = {isa = PBXBuildFile; fileRef = 11B70FC8251CD8F500C3C378 /* Project4Tests.swift */; };
		11B70FD4251CD8F500C3C378 /* Project4UITests.swift in Sources */ = {isa = PBXBuildFile; fileRef = 11B70FD3251CD8F500C3C378 /* Project4UITests.swift */; };
/* End PBXBuildFile section */

/* Begin PBXContainerItemProxy section */
		11B70FC5251CD8F500C3C378 /* PBXContainerItemProxy */ = {
			isa = PBXContainerItemProxy;
			containerPortal = 11B70FA6251CD8F200C3C378 /* Project object */;
			proxyType = 1;
			remoteGlobalIDString = 11B70FAD251CD8F200C3C378;
			remoteInfo = Project4;
		};
		11B70FD0251CD8F500C3C378 /* PBXContainerItemProxy */ = {
			isa = PBXContainerItemProxy;
			containerPortal = 11B70FA6251CD8F200C3C378 /* Project object */;
			proxyType = 1;
			remoteGlobalIDString = 11B70FAD251CD8F200C3C378;
			remoteInfo = Project4;
		};
/* End PBXContainerItemProxy section */

/* Begin PBXFileReference section */
		11B70FAE251CD8F200C3C378 /* Project4.app */ = {isa = PBXFileReference; explicitFileType = wrapper.application; includeInIndex = 0; path = Project4.app; sourceTree = BUILT_PRODUCTS_DIR; };
		11B70FB1251CD8F200C3C378 /* AppDelegate.swift */ = {isa = PBXFileReference; lastKnownFileType = sourcecode.swift; path = AppDelegate.swift; sourceTree = "<group>"; };
		11B70FB3251CD8F200C3C378 /* SceneDelegate.swift */ = {isa = PBXFileReference; lastKnownFileType = sourcecode.swift; path = SceneDelegate.swift; sourceTree = "<group>"; };
		11B70FB5251CD8F200C3C378 /* ViewController.swift */ = {isa = PBXFileReference; lastKnownFileType = sourcecode.swift; path = ViewController.swift; sourceTree = "<group>"; };
		11B70FB8251CD8F200C3C378 /* Base */ = {isa = PBXFileReference; lastKnownFileType = file.storyboard; name = Base; path = Base.lproj/Main.storyboard; sourceTree = "<group>"; };
		11B70FBA251CD8F400C3C378 /* Assets.xcassets */ = {isa = PBXFileReference; lastKnownFileType = folder.assetcatalog; path = Assets.xcassets; sourceTree = "<group>"; };
		11B70FBD251CD8F400C3C378 /* Base */ = {isa = PBXFileReference; lastKnownFileType = file.storyboard; name = Base; path = Base.lproj/LaunchScreen.storyboard; sourceTree = "<group>"; };
		11B70FBF251CD8F400C3C378 /* Info.plist */ = {isa = PBXFileReference; lastKnownFileType = text.plist.xml; path = Info.plist; sourceTree = "<group>"; };
		11B70FC4251CD8F500C3C378 /* Project4Tests.xctest */ = {isa = PBXFileReference; explicitFileType = wrapper.cfbundle; includeInIndex = 0; path = Project4Tests.xctest; sourceTree = BUILT_PRODUCTS_DIR; };
		11B70FC8251CD8F500C3C378 /* Project4Tests.swift */ = {isa = PBXFileReference; lastKnownFileType = sourcecode.swift; path = Project4Tests.swift; sourceTree = "<group>"; };
		11B70FCA251CD8F500C3C378 /* Info.plist */ = {isa = PBXFileReference; lastKnownFileType = text.plist.xml; path = Info.plist; sourceTree = "<group>"; };
		11B70FCF251CD8F500C3C378 /* Project4UITests.xctest */ = {isa = PBXFileReference; explicitFileType = wrapper.cfbundle; includeInIndex = 0; path = Project4UITests.xctest; sourceTree = BUILT_PRODUCTS_DIR; };
		11B70FD3251CD8F500C3C378 /* Project4UITests.swift */ = {isa = PBXFileReference; lastKnownFileType = sourcecode.swift; path = Project4UITests.swift; sourceTree = "<group>"; };
		11B70FD5251CD8F500C3C378 /* Info.plist */ = {isa = PBXFileReference; lastKnownFileType = text.plist.xml; path = Info.plist; sourceTree = "<group>"; };
/* End PBXFileReference section */

/* Begin PBXFrameworksBuildPhase section */
		11B70FAB251CD8F200C3C378 /* Frameworks */ = {
			isa = PBXFrameworksBuildPhase;
			buildActionMask = 2147483647;
			files = (
			);
			runOnlyForDeploymentPostprocessing = 0;
		};
		11B70FC1251CD8F500C3C378 /* Frameworks */ = {
			isa = PBXFrameworksBuildPhase;
			buildActionMask = 2147483647;
			files = (
			);
			runOnlyForDeploymentPostprocessing = 0;
		};
		11B70FCC251CD8F500C3C378 /* Frameworks */ = {
			isa = PBXFrameworksBuildPhase;
			buildActionMask = 2147483647;
			files = (
			);
			runOnlyForDeploymentPostprocessing = 0;
		};
/* End PBXFrameworksBuildPhase section */

/* Begin PBXGroup section */
		11B70FA5251CD8F100C3C378 = {
			isa = PBXGroup;
			children = (
				11B70FB0251CD8F200C3C378 /* Project4 */,
				11B70FC7251CD8F500C3C378 /* Project4Tests */,
				11B70FD2251CD8F500C3C378 /* Project4UITests */,
				11B70FAF251CD8F200C3C378 /* Products */,
			);
			sourceTree = "<group>";
		};
		11B70FAF251CD8F200C3C378 /* Products */ = {
			isa = PBXGroup;
			children = (
				11B70FAE251CD8F200C3C378 /* Project4.app */,
				11B70FC4251CD8F500C3C378 /* Project4Tests.xctest */,
				11B70FCF251CD8F500C3C378 /* Project4UITests.xctest */,
			);
			name = Products;
			sourceTree = "<group>";
		};
		11B70FB0251CD8F200C3C378 /* Project4 */ = {
			isa = PBXGroup;
			children = (
				11B70FB1251CD8F200C3C378 /* AppDelegate.swift */,
				11B70FB3251CD8F200C3C378 /* SceneDelegate.swift */,
				11B70FB5251CD8F200C3C378 /* ViewController.swift */,
				11B70FB7251CD8F200C3C378 /* Main.storyboard */,
				11B70FBA251CD8F400C3C378 /* Assets.xcassets */,
				11B70FBC251CD8F400C3C378 /* LaunchScreen.storyboard */,
				11B70FBF251CD8F400C3C378 /* Info.plist */,
			);
			path = Project4;
			sourceTree = "<group>";
		};
		11B70FC7251CD8F500C3C378 /* Project4Tests */ = {
			isa = PBXGroup;
			children = (
				11B70FC8251CD8F500C3C378 /* Project4Tests.swift */,
				11B70FCA251CD8F500C3C378 /* Info.plist */,
			);
			path = Project4Tests;
			sourceTree = "<group>";
		};
		11B70FD2251CD8F500C3C378 /* Project4UITests */ = {
			isa = PBXGroup;
			children = (
				11B70FD3251CD8F500C3C378 /* Project4UITests.swift */,
				11B70FD5251CD8F500C3C378 /* Info.plist */,
			);
			path = Project4UITests;
			sourceTree = "<group>";
		};
/* End PBXGroup section */

/* Begin PBXNativeTarget section */
		11B70FAD251CD8F200C3C378 /* Project4 */ = {
			isa = PBXNativeTarget;
			buildConfigurationList = 11B70FD8251CD8F500C3C378 /* Build configuration list for PBXNativeTarget "Project4" */;
			buildPhases = (
				11B70FAA251CD8F200C3C378 /* Sources */,
				11B70FAB251CD8F200C3C378 /* Frameworks */,
				11B70FAC251CD8F200C3C378 /* Resources */,
			);
			buildRules = (
			);
			dependencies = (
			);
			name = Project4;
			productName = Project4;
			productReference = 11B70FAE251CD8F200C3C378 /* Project4.app */;
			productType = "com.apple.product-type.application";
		};
		11B70FC3251CD8F500C3C378 /* Project4Tests */ = {
			isa = PBXNativeTarget;
			buildConfigurationList = 11B70FDB251CD8F500C3C378 /* Build configuration list for PBXNativeTarget "Project4Tests" */;
			buildPhases = (
				11B70FC0251CD8F500C3C378 /* Sources */,
				11B70FC1251CD8F500C3C378 /* Frameworks */,
				11B70FC2251CD8F500C3C378 /* Resources */,
			);
			buildRules = (
			);
			dependencies = (
				11B70FC6251CD8F500C3C378 /* PBXTargetDependency */,
			);
			name = Project4Tests;
			productName = Project4Tests;
			productReference = 11B70FC4251CD8F500C3C378 /* Project4Tests.xctest */;
			productType = "com.apple.product-type.bundle.unit-test";
		};
		11B70FCE251CD8F500C3C378 /* Project4UITests */ = {
			isa = PBXNativeTarget;
			buildConfigurationList = 11B70FDE251CD8F500C3C378 /* Build configuration list for PBXNativeTarget "Project4UITests" */;
			buildPhases = (
				11B70FCB251CD8F500C3C378 /* Sources */,
				11B70FCC251CD8F500C3C378 /* Frameworks */,
				11B70FCD251CD8F500C3C378 /* Resources */,
			);
			buildRules = (
			);
			dependencies = (
				11B70FD1251CD8F500C3C378 /* PBXTargetDependency */,
			);
			name = Project4UITests;
			productName = Project4UITests;
			productReference = 11B70FCF251CD8F500C3C378 /* Project4UITests.xctest */;
			productType = "com.apple.product-type.bundle.ui-testing";
		};
/* End PBXNativeTarget section */

/* Begin PBXProject section */
		11B70FA6251CD8F200C3C378 /* Project object */ = {
			isa = PBXProject;
			attributes = {
				LastSwiftUpdateCheck = 1170;
				LastUpgradeCheck = 1170;
				ORGANIZATIONNAME = "Jamie Brannan";
				TargetAttributes = {
					11B70FAD251CD8F200C3C378 = {
						CreatedOnToolsVersion = 11.7;
					};
					11B70FC3251CD8F500C3C378 = {
						CreatedOnToolsVersion = 11.7;
						TestTargetID = 11B70FAD251CD8F200C3C378;
					};
					11B70FCE251CD8F500C3C378 = {
						CreatedOnToolsVersion = 11.7;
						TestTargetID = 11B70FAD251CD8F200C3C378;
					};
				};
			};
			buildConfigurationList = 11B70FA9251CD8F200C3C378 /* Build configuration list for PBXProject "Project4" */;
			compatibilityVersion = "Xcode 9.3";
			developmentRegion = en;
			hasScannedForEncodings = 0;
			knownRegions = (
				en,
				Base,
			);
			mainGroup = 11B70FA5251CD8F100C3C378;
			productRefGroup = 11B70FAF251CD8F200C3C378 /* Products */;
			projectDirPath = "";
			projectRoot = "";
			targets = (
				11B70FAD251CD8F200C3C378 /* Project4 */,
				11B70FC3251CD8F500C3C378 /* Project4Tests */,
				11B70FCE251CD8F500C3C378 /* Project4UITests */,
			);
		};
/* End PBXProject section */

/* Begin PBXResourcesBuildPhase section */
		11B70FAC251CD8F200C3C378 /* Resources */ = {
			isa = PBXResourcesBuildPhase;
			buildActionMask = 2147483647;
			files = (
				11B70FBE251CD8F400C3C378 /* LaunchScreen.storyboard in Resources */,
				11B70FBB251CD8F400C3C378 /* Assets.xcassets in Resources */,
				11B70FB9251CD8F200C3C378 /* Main.storyboard in Resources */,
			);
			runOnlyForDeploymentPostprocessing = 0;
		};
		11B70FC2251CD8F500C3C378 /* Resources */ = {
			isa = PBXResourcesBuildPhase;
			buildActionMask = 2147483647;
			files = (
			);
			runOnlyForDeploymentPostprocessing = 0;
		};
		11B70FCD251CD8F500C3C378 /* Resources */ = {
			isa = PBXResourcesBuildPhase;
			buildActionMask = 2147483647;
			files = (
			);
			runOnlyForDeploymentPostprocessing = 0;
		};
/* End PBXResourcesBuildPhase section */

/* Begin PBXSourcesBuildPhase section */
		11B70FAA251CD8F200C3C378 /* Sources */ = {
			isa = PBXSourcesBuildPhase;
			buildActionMask = 2147483647;
			files = (
				11B70FB6251CD8F200C3C378 /* ViewController.swift in Sources */,
				11B70FB2251CD8F200C3C378 /* AppDelegate.swift in Sources */,
				11B70FB4251CD8F200C3C378 /* SceneDelegate.swift in Sources */,
			);
			runOnlyForDeploymentPostprocessing = 0;
		};
		11B70FC0251CD8F500C3C378 /* Sources */ = {
			isa = PBXSourcesBuildPhase;
			buildActionMask = 2147483647;
			files = (
				11B70FC9251CD8F500C3C378 /* Project4Tests.swift in Sources */,
			);
			runOnlyForDeploymentPostprocessing = 0;
		};
		11B70FCB251CD8F500C3C378 /* Sources */ = {
			isa = PBXSourcesBuildPhase;
			buildActionMask = 2147483647;
			files = (
				11B70FD4251CD8F500C3C378 /* Project4UITests.swift in Sources */,
			);
			runOnlyForDeploymentPostprocessing = 0;
		};
/* End PBXSourcesBuildPhase section */

/* Begin PBXTargetDependency section */
		11B70FC6251CD8F500C3C378 /* PBXTargetDependency */ = {
			isa = PBXTargetDependency;
			target = 11B70FAD251CD8F200C3C378 /* Project4 */;
			targetProxy = 11B70FC5251CD8F500C3C378 /* PBXContainerItemProxy */;
		};
		11B70FD1251CD8F500C3C378 /* PBXTargetDependency */ = {
			isa = PBXTargetDependency;
			target = 11B70FAD251CD8F200C3C378 /* Project4 */;
			targetProxy = 11B70FD0251CD8F500C3C378 /* PBXContainerItemProxy */;
		};
/* End PBXTargetDependency section */

/* Begin PBXVariantGroup section */
		11B70FB7251CD8F200C3C378 /* Main.storyboard */ = {
			isa = PBXVariantGroup;
			children = (
				11B70FB8251CD8F200C3C378 /* Base */,
			);
			name = Main.storyboard;
			sourceTree = "<group>";
		};
		11B70FBC251CD8F400C3C378 /* LaunchScreen.storyboard */ = {
			isa = PBXVariantGroup;
			children = (
				11B70FBD251CD8F400C3C378 /* Base */,
			);
			name = LaunchScreen.storyboard;
			sourceTree = "<group>";
		};
/* End PBXVariantGroup section */

/* Begin XCBuildConfiguration section */
		11B70FD6251CD8F500C3C378 /* Debug */ = {
			isa = XCBuildConfiguration;
			buildSettings = {
				ALWAYS_SEARCH_USER_PATHS = NO;
				CLANG_ANALYZER_NONNULL = YES;
				CLANG_ANALYZER_NUMBER_OBJECT_CONVERSION = YES_AGGRESSIVE;
				CLANG_CXX_LANGUAGE_STANDARD = "gnu++14";
				CLANG_CXX_LIBRARY = "libc++";
				CLANG_ENABLE_MODULES = YES;
				CLANG_ENABLE_OBJC_ARC = YES;
				CLANG_ENABLE_OBJC_WEAK = YES;
				CLANG_WARN_BLOCK_CAPTURE_AUTORELEASING = YES;
				CLANG_WARN_BOOL_CONVERSION = YES;
				CLANG_WARN_COMMA = YES;
				CLANG_WARN_CONSTANT_CONVERSION = YES;
				CLANG_WARN_DEPRECATED_OBJC_IMPLEMENTATIONS = YES;
				CLANG_WARN_DIRECT_OBJC_ISA_USAGE = YES_ERROR;
				CLANG_WARN_DOCUMENTATION_COMMENTS = YES;
				CLANG_WARN_EMPTY_BODY = YES;
				CLANG_WARN_ENUM_CONVERSION = YES;
				CLANG_WARN_INFINITE_RECURSION = YES;
				CLANG_WARN_INT_CONVERSION = YES;
				CLANG_WARN_NON_LITERAL_NULL_CONVERSION = YES;
				CLANG_WARN_OBJC_IMPLICIT_RETAIN_SELF = YES;
				CLANG_WARN_OBJC_LITERAL_CONVERSION = YES;
				CLANG_WARN_OBJC_ROOT_CLASS = YES_ERROR;
				CLANG_WARN_RANGE_LOOP_ANALYSIS = YES;
				CLANG_WARN_STRICT_PROTOTYPES = YES;
				CLANG_WARN_SUSPICIOUS_MOVE = YES;
				CLANG_WARN_UNGUARDED_AVAILABILITY = YES_AGGRESSIVE;
				CLANG_WARN_UNREACHABLE_CODE = YES;
				CLANG_WARN__DUPLICATE_METHOD_MATCH = YES;
				COPY_PHASE_STRIP = NO;
				DEBUG_INFORMATION_FORMAT = dwarf;
				ENABLE_STRICT_OBJC_MSGSEND = YES;
				ENABLE_TESTABILITY = YES;
				GCC_C_LANGUAGE_STANDARD = gnu11;
				GCC_DYNAMIC_NO_PIC = NO;
				GCC_NO_COMMON_BLOCKS = YES;
				GCC_OPTIMIZATION_LEVEL = 0;
				GCC_PREPROCESSOR_DEFINITIONS = (
					"DEBUG=1",
					"$(inherited)",
				);
				GCC_WARN_64_TO_32_BIT_CONVERSION = YES;
				GCC_WARN_ABOUT_RETURN_TYPE = YES_ERROR;
				GCC_WARN_UNDECLARED_SELECTOR = YES;
				GCC_WARN_UNINITIALIZED_AUTOS = YES_AGGRESSIVE;
				GCC_WARN_UNUSED_FUNCTION = YES;
				GCC_WARN_UNUSED_VARIABLE = YES;
				IPHONEOS_DEPLOYMENT_TARGET = 13.7;
				MTL_ENABLE_DEBUG_INFO = INCLUDE_SOURCE;
				MTL_FAST_MATH = YES;
				ONLY_ACTIVE_ARCH = YES;
				SDKROOT = iphoneos;
				SWIFT_ACTIVE_COMPILATION_CONDITIONS = DEBUG;
				SWIFT_OPTIMIZATION_LEVEL = "-Onone";
			};
			name = Debug;
		};
		11B70FD7251CD8F500C3C378 /* Release */ = {
			isa = XCBuildConfiguration;
			buildSettings = {
				ALWAYS_SEARCH_USER_PATHS = NO;
				CLANG_ANALYZER_NONNULL = YES;
				CLANG_ANALYZER_NUMBER_OBJECT_CONVERSION = YES_AGGRESSIVE;
				CLANG_CXX_LANGUAGE_STANDARD = "gnu++14";
				CLANG_CXX_LIBRARY = "libc++";
				CLANG_ENABLE_MODULES = YES;
				CLANG_ENABLE_OBJC_ARC = YES;
				CLANG_ENABLE_OBJC_WEAK = YES;
				CLANG_WARN_BLOCK_CAPTURE_AUTORELEASING = YES;
				CLANG_WARN_BOOL_CONVERSION = YES;
				CLANG_WARN_COMMA = YES;
				CLANG_WARN_CONSTANT_CONVERSION = YES;
				CLANG_WARN_DEPRECATED_OBJC_IMPLEMENTATIONS = YES;
				CLANG_WARN_DIRECT_OBJC_ISA_USAGE = YES_ERROR;
				CLANG_WARN_DOCUMENTATION_COMMENTS = YES;
				CLANG_WARN_EMPTY_BODY = YES;
				CLANG_WARN_ENUM_CONVERSION = YES;
				CLANG_WARN_INFINITE_RECURSION = YES;
				CLANG_WARN_INT_CONVERSION = YES;
				CLANG_WARN_NON_LITERAL_NULL_CONVERSION = YES;
				CLANG_WARN_OBJC_IMPLICIT_RETAIN_SELF = YES;
				CLANG_WARN_OBJC_LITERAL_CONVERSION = YES;
				CLANG_WARN_OBJC_ROOT_CLASS = YES_ERROR;
				CLANG_WARN_RANGE_LOOP_ANALYSIS = YES;
				CLANG_WARN_STRICT_PROTOTYPES = YES;
				CLANG_WARN_SUSPICIOUS_MOVE = YES;
				CLANG_WARN_UNGUARDED_AVAILABILITY = YES_AGGRESSIVE;
				CLANG_WARN_UNREACHABLE_CODE = YES;
				CLANG_WARN__DUPLICATE_METHOD_MATCH = YES;
				COPY_PHASE_STRIP = NO;
				DEBUG_INFORMATION_FORMAT = "dwarf-with-dsym";
				ENABLE_NS_ASSERTIONS = NO;
				ENABLE_STRICT_OBJC_MSGSEND = YES;
				GCC_C_LANGUAGE_STANDARD = gnu11;
				GCC_NO_COMMON_BLOCKS = YES;
				GCC_WARN_64_TO_32_BIT_CONVERSION = YES;
				GCC_WARN_ABOUT_RETURN_TYPE = YES_ERROR;
				GCC_WARN_UNDECLARED_SELECTOR = YES;
				GCC_WARN_UNINITIALIZED_AUTOS = YES_AGGRESSIVE;
				GCC_WARN_UNUSED_FUNCTION = YES;
				GCC_WARN_UNUSED_VARIABLE = YES;
				IPHONEOS_DEPLOYMENT_TARGET = 13.7;
				MTL_ENABLE_DEBUG_INFO = NO;
				MTL_FAST_MATH = YES;
				SDKROOT = iphoneos;
				SWIFT_COMPILATION_MODE = wholemodule;
				SWIFT_OPTIMIZATION_LEVEL = "-O";
				VALIDATE_PRODUCT = YES;
			};
			name = Release;
		};
		11B70FD9251CD8F500C3C378 /* Debug */ = {
			isa = XCBuildConfiguration;
			buildSettings = {
				ASSETCATALOG_COMPILER_APPICON_NAME = AppIcon;
				CODE_SIGN_STYLE = Automatic;
				DEVELOPMENT_TEAM = 5T446K389W;
				INFOPLIST_FILE = Project4/Info.plist;
				LD_RUNPATH_SEARCH_PATHS = (
					"$(inherited)",
					"@executable_path/Frameworks",
				);
				PRODUCT_BUNDLE_IDENTIFIER = jamie.brannan.Project4;
				PRODUCT_NAME = "$(TARGET_NAME)";
				SWIFT_VERSION = 5.0;
				TARGETED_DEVICE_FAMILY = "1,2";
			};
			name = Debug;
		};
		11B70FDA251CD8F500C3C378 /* Release */ = {
			isa = XCBuildConfiguration;
			buildSettings = {
				ASSETCATALOG_COMPILER_APPICON_NAME = AppIcon;
				CODE_SIGN_STYLE = Automatic;
				DEVELOPMENT_TEAM = 5T446K389W;
				INFOPLIST_FILE = Project4/Info.plist;
				LD_RUNPATH_SEARCH_PATHS = (
					"$(inherited)",
					"@executable_path/Frameworks",
				);
				PRODUCT_BUNDLE_IDENTIFIER = jamie.brannan.Project4;
				PRODUCT_NAME = "$(TARGET_NAME)";
				SWIFT_VERSION = 5.0;
				TARGETED_DEVICE_FAMILY = "1,2";
			};
			name = Release;
		};
		11B70FDC251CD8F500C3C378 /* Debug */ = {
			isa = XCBuildConfiguration;
			buildSettings = {
				ALWAYS_EMBED_SWIFT_STANDARD_LIBRARIES = YES;
				BUNDLE_LOADER = "$(TEST_HOST)";
				CODE_SIGN_STYLE = Automatic;
				DEVELOPMENT_TEAM = 5T446K389W;
				INFOPLIST_FILE = Project4Tests/Info.plist;
				IPHONEOS_DEPLOYMENT_TARGET = 13.7;
				LD_RUNPATH_SEARCH_PATHS = (
					"$(inherited)",
					"@executable_path/Frameworks",
					"@loader_path/Frameworks",
				);
				PRODUCT_BUNDLE_IDENTIFIER = jamie.brannan.Project4Tests;
				PRODUCT_NAME = "$(TARGET_NAME)";
				SWIFT_VERSION = 5.0;
				TARGETED_DEVICE_FAMILY = "1,2";
				TEST_HOST = "$(BUILT_PRODUCTS_DIR)/Project4.app/Project4";
			};
			name = Debug;
		};
		11B70FDD251CD8F500C3C378 /* Release */ = {
			isa = XCBuildConfiguration;
			buildSettings = {
				ALWAYS_EMBED_SWIFT_STANDARD_LIBRARIES = YES;
				BUNDLE_LOADER = "$(TEST_HOST)";
				CODE_SIGN_STYLE = Automatic;
				DEVELOPMENT_TEAM = 5T446K389W;
				INFOPLIST_FILE = Project4Tests/Info.plist;
				IPHONEOS_DEPLOYMENT_TARGET = 13.7;
				LD_RUNPATH_SEARCH_PATHS = (
					"$(inherited)",
					"@executable_path/Frameworks",
					"@loader_path/Frameworks",
				);
				PRODUCT_BUNDLE_IDENTIFIER = jamie.brannan.Project4Tests;
				PRODUCT_NAME = "$(TARGET_NAME)";
				SWIFT_VERSION = 5.0;
				TARGETED_DEVICE_FAMILY = "1,2";
				TEST_HOST = "$(BUILT_PRODUCTS_DIR)/Project4.app/Project4";
			};
			name = Release;
		};
		11B70FDF251CD8F500C3C378 /* Debug */ = {
			isa = XCBuildConfiguration;
			buildSettings = {
				ALWAYS_EMBED_SWIFT_STANDARD_LIBRARIES = YES;
				CODE_SIGN_STYLE = Automatic;
				DEVELOPMENT_TEAM = 5T446K389W;
				INFOPLIST_FILE = Project4UITests/Info.plist;
				LD_RUNPATH_SEARCH_PATHS = (
					"$(inherited)",
					"@executable_path/Frameworks",
					"@loader_path/Frameworks",
				);
				PRODUCT_BUNDLE_IDENTIFIER = jamie.brannan.Project4UITests;
				PRODUCT_NAME = "$(TARGET_NAME)";
				SWIFT_VERSION = 5.0;
				TARGETED_DEVICE_FAMILY = "1,2";
				TEST_TARGET_NAME = Project4;
			};
			name = Debug;
		};
		11B70FE0251CD8F500C3C378 /* Release */ = {
			isa = XCBuildConfiguration;
			buildSettings = {
				ALWAYS_EMBED_SWIFT_STANDARD_LIBRARIES = YES;
				CODE_SIGN_STYLE = Automatic;
				DEVELOPMENT_TEAM = 5T446K389W;
				INFOPLIST_FILE = Project4UITests/Info.plist;
				LD_RUNPATH_SEARCH_PATHS = (
					"$(inherited)",
					"@executable_path/Frameworks",
					"@loader_path/Frameworks",
				);
				PRODUCT_BUNDLE_IDENTIFIER = jamie.brannan.Project4UITests;
				PRODUCT_NAME = "$(TARGET_NAME)";
				SWIFT_VERSION = 5.0;
				TARGETED_DEVICE_FAMILY = "1,2";
				TEST_TARGET_NAME = Project4;
			};
			name = Release;
		};
/* End XCBuildConfiguration section */

/* Begin XCConfigurationList section */
		11B70FA9251CD8F200C3C378 /* Build configuration list for PBXProject "Project4" */ = {
			isa = XCConfigurationList;
			buildConfigurations = (
				11B70FD6251CD8F500C3C378 /* Debug */,
				11B70FD7251CD8F500C3C378 /* Release */,
			);
			defaultConfigurationIsVisible = 0;
			defaultConfigurationName = Release;
		};
		11B70FD8251CD8F500C3C378 /* Build configuration list for PBXNativeTarget "Project4" */ = {
			isa = XCConfigurationList;
			buildConfigurations = (
				11B70FD9251CD8F500C3C378 /* Debug */,
				11B70FDA251CD8F500C3C378 /* Release */,
			);
			defaultConfigurationIsVisible = 0;
			defaultConfigurationName = Release;
		};
		11B70FDB251CD8F500C3C378 /* Build configuration list for PBXNativeTarget "Project4Tests" */ = {
			isa = XCConfigurationList;
			buildConfigurations = (
				11B70FDC251CD8F500C3C378 /* Debug */,
				11B70FDD251CD8F500C3C378 /* Release */,
			);
			defaultConfigurationIsVisible = 0;
			defaultConfigurationName = Release;
		};
		11B70FDE251CD8F500C3C378 /* Build configuration list for PBXNativeTarget "Project4UITests" */ = {
			isa = XCConfigurationList;
			buildConfigurations = (
				11B70FDF251CD8F500C3C378 /* Debug */,
				11B70FE0251CD8F500C3C378 /* Release */,
			);
			defaultConfigurationIsVisible = 0;
			defaultConfigurationName = Release;
		};
/* End XCConfigurationList section */
	};
	rootObject = 11B70FA6251CD8F200C3C378 /* Project object */;
}
