// !$*UTF8*$!
{
	archiveVersion = 1;
	classes = {
	};
	objectVersion = 50;
	objects = {

/* Begin PBXBuildFile section */
		1164313F26568D0400DD22FD /* AppDelegate.swift in Sources */ = {isa = PBXBuildFile; fileRef = 1164313E26568D0400DD22FD /* AppDelegate.swift */; };
		1164314126568D0400DD22FD /* SceneDelegate.swift in Sources */ = {isa = PBXBuildFile; fileRef = 1164314026568D0400DD22FD /* SceneDelegate.swift */; };
		1164314326568D0400DD22FD /* ViewController.swift in Sources */ = {isa = PBXBuildFile; fileRef = 1164314226568D0400DD22FD /* ViewController.swift */; };
		1164314626568D0400DD22FD /* Main.storyboard in Resources */ = {isa = PBXBuildFile; fileRef = 1164314426568D0400DD22FD /* Main.storyboard */; };
		1164314826568D0600DD22FD /* Assets.xcassets in Resources */ = {isa = PBXBuildFile; fileRef = 1164314726568D0600DD22FD /* Assets.xcassets */; };
		1164314B26568D0600DD22FD /* LaunchScreen.storyboard in Resources */ = {isa = PBXBuildFile; fileRef = 1164314926568D0600DD22FD /* LaunchScreen.storyboard */; };
		1164315426569D5200DD22FD /* Country.swift in Sources */ = {isa = PBXBuildFile; fileRef = 1164315326569D5200DD22FD /* Country.swift */; };
		116431572656A05B00DD22FD /* Countries.swift in Sources */ = {isa = PBXBuildFile; fileRef = 116431562656A05B00DD22FD /* Countries.swift */; };
		1164315B2656A6DF00DD22FD /* countries.json in Resources */ = {isa = PBXBuildFile; fileRef = 1164315A2656A6DF00DD22FD /* countries.json */; };
		11887C172656F59D008C6FF9 /* CountryDetailViewController.swift in Sources */ = {isa = PBXBuildFile; fileRef = 11887C162656F59D008C6FF9 /* CountryDetailViewController.swift */; };
/* End PBXBuildFile section */

/* Begin PBXFileReference section */
		1164313B26568D0400DD22FD /* ConsolidationVI.app */ = {isa = PBXFileReference; explicitFileType = wrapper.application; includeInIndex = 0; path = ConsolidationVI.app; sourceTree = BUILT_PRODUCTS_DIR; };
		1164313E26568D0400DD22FD /* AppDelegate.swift */ = {isa = PBXFileReference; lastKnownFileType = sourcecode.swift; path = AppDelegate.swift; sourceTree = "<group>"; };
		1164314026568D0400DD22FD /* SceneDelegate.swift */ = {isa = PBXFileReference; lastKnownFileType = sourcecode.swift; path = SceneDelegate.swift; sourceTree = "<group>"; };
		1164314226568D0400DD22FD /* ViewController.swift */ = {isa = PBXFileReference; lastKnownFileType = sourcecode.swift; path = ViewController.swift; sourceTree = "<group>"; };
		1164314526568D0400DD22FD /* Base */ = {isa = PBXFileReference; lastKnownFileType = file.storyboard; name = Base; path = Base.lproj/Main.storyboard; sourceTree = "<group>"; };
		1164314726568D0600DD22FD /* Assets.xcassets */ = {isa = PBXFileReference; lastKnownFileType = folder.assetcatalog; path = Assets.xcassets; sourceTree = "<group>"; };
		1164314A26568D0600DD22FD /* Base */ = {isa = PBXFileReference; lastKnownFileType = file.storyboard; name = Base; path = Base.lproj/LaunchScreen.storyboard; sourceTree = "<group>"; };
		1164314C26568D0600DD22FD /* Info.plist */ = {isa = PBXFileReference; lastKnownFileType = text.plist.xml; path = Info.plist; sourceTree = "<group>"; };
		1164315326569D5200DD22FD /* Country.swift */ = {isa = PBXFileReference; lastKnownFileType = sourcecode.swift; path = Country.swift; sourceTree = "<group>"; };
		116431562656A05B00DD22FD /* Countries.swift */ = {isa = PBXFileReference; lastKnownFileType = sourcecode.swift; path = Countries.swift; sourceTree = "<group>"; };
		1164315A2656A6DF00DD22FD /* countries.json */ = {isa = PBXFileReference; fileEncoding = 4; lastKnownFileType = text.json; name = countries.json; path = ../../countries.json; sourceTree = "<group>"; };
		11887C162656F59D008C6FF9 /* CountryDetailViewController.swift */ = {isa = PBXFileReference; lastKnownFileType = sourcecode.swift; path = CountryDetailViewController.swift; sourceTree = "<group>"; };
/* End PBXFileReference section */

/* Begin PBXFrameworksBuildPhase section */
		1164313826568D0400DD22FD /* Frameworks */ = {
			isa = PBXFrameworksBuildPhase;
			buildActionMask = 2147483647;
			files = (
			);
			runOnlyForDeploymentPostprocessing = 0;
		};
/* End PBXFrameworksBuildPhase section */

/* Begin PBXGroup section */
		1164313226568D0400DD22FD = {
			isa = PBXGroup;
			children = (
				1164313D26568D0400DD22FD /* ConsolidationVI */,
				1164313C26568D0400DD22FD /* Products */,
			);
			sourceTree = "<group>";
		};
		1164313C26568D0400DD22FD /* Products */ = {
			isa = PBXGroup;
			children = (
				1164313B26568D0400DD22FD /* ConsolidationVI.app */,
			);
			name = Products;
			sourceTree = "<group>";
		};
		1164313D26568D0400DD22FD /* ConsolidationVI */ = {
			isa = PBXGroup;
			children = (
				1164315326569D5200DD22FD /* Country.swift */,
				1164313E26568D0400DD22FD /* AppDelegate.swift */,
				1164314026568D0400DD22FD /* SceneDelegate.swift */,
				1164314226568D0400DD22FD /* ViewController.swift */,
				1164315A2656A6DF00DD22FD /* countries.json */,
				1164314426568D0400DD22FD /* Main.storyboard */,
				1164314726568D0600DD22FD /* Assets.xcassets */,
				1164314926568D0600DD22FD /* LaunchScreen.storyboard */,
				1164314C26568D0600DD22FD /* Info.plist */,
				116431562656A05B00DD22FD /* Countries.swift */,
				11887C162656F59D008C6FF9 /* CountryDetailViewController.swift */,
			);
			path = ConsolidationVI;
			sourceTree = "<group>";
		};
/* End PBXGroup section */

/* Begin PBXNativeTarget section */
		1164313A26568D0400DD22FD /* ConsolidationVI */ = {
			isa = PBXNativeTarget;
			buildConfigurationList = 1164314F26568D0600DD22FD /* Build configuration list for PBXNativeTarget "ConsolidationVI" */;
			buildPhases = (
				1164313726568D0400DD22FD /* Sources */,
				1164313826568D0400DD22FD /* Frameworks */,
				1164313926568D0400DD22FD /* Resources */,
			);
			buildRules = (
			);
			dependencies = (
			);
			name = ConsolidationVI;
			productName = ConsolidationVI;
			productReference = 1164313B26568D0400DD22FD /* ConsolidationVI.app */;
			productType = "com.apple.product-type.application";
		};
/* End PBXNativeTarget section */

/* Begin PBXProject section */
		1164313326568D0400DD22FD /* Project object */ = {
			isa = PBXProject;
			attributes = {
				LastSwiftUpdateCheck = 1240;
				LastUpgradeCheck = 1240;
				TargetAttributes = {
					1164313A26568D0400DD22FD = {
						CreatedOnToolsVersion = 12.4;
					};
				};
			};
			buildConfigurationList = 1164313626568D0400DD22FD /* Build configuration list for PBXProject "ConsolidationVI" */;
			compatibilityVersion = "Xcode 9.3";
			developmentRegion = en;
			hasScannedForEncodings = 0;
			knownRegions = (
				en,
				Base,
			);
			mainGroup = 1164313226568D0400DD22FD;
			productRefGroup = 1164313C26568D0400DD22FD /* Products */;
			projectDirPath = "";
			projectRoot = "";
			targets = (
				1164313A26568D0400DD22FD /* ConsolidationVI */,
			);
		};
/* End PBXProject section */

/* Begin PBXResourcesBuildPhase section */
		1164313926568D0400DD22FD /* Resources */ = {
			isa = PBXResourcesBuildPhase;
			buildActionMask = 2147483647;
			files = (
				1164314B26568D0600DD22FD /* LaunchScreen.storyboard in Resources */,
				1164314826568D0600DD22FD /* Assets.xcassets in Resources */,
				1164315B2656A6DF00DD22FD /* countries.json in Resources */,
				1164314626568D0400DD22FD /* Main.storyboard in Resources */,
			);
			runOnlyForDeploymentPostprocessing = 0;
		};
/* End PBXResourcesBuildPhase section */

/* Begin PBXSourcesBuildPhase section */
		1164313726568D0400DD22FD /* Sources */ = {
			isa = PBXSourcesBuildPhase;
			buildActionMask = 2147483647;
			files = (
				11887C172656F59D008C6FF9 /* CountryDetailViewController.swift in Sources */,
				1164315426569D5200DD22FD /* Country.swift in Sources */,
				1164314326568D0400DD22FD /* ViewController.swift in Sources */,
				1164313F26568D0400DD22FD /* AppDelegate.swift in Sources */,
				116431572656A05B00DD22FD /* Countries.swift in Sources */,
				1164314126568D0400DD22FD /* SceneDelegate.swift in Sources */,
			);
			runOnlyForDeploymentPostprocessing = 0;
		};
/* End PBXSourcesBuildPhase section */

/* Begin PBXVariantGroup section */
		1164314426568D0400DD22FD /* Main.storyboard */ = {
			isa = PBXVariantGroup;
			children = (
				1164314526568D0400DD22FD /* Base */,
			);
			name = Main.storyboard;
			sourceTree = "<group>";
		};
		1164314926568D0600DD22FD /* LaunchScreen.storyboard */ = {
			isa = PBXVariantGroup;
			children = (
				1164314A26568D0600DD22FD /* Base */,
			);
			name = LaunchScreen.storyboard;
			sourceTree = "<group>";
		};
/* End PBXVariantGroup section */

/* Begin XCBuildConfiguration section */
		1164314D26568D0600DD22FD /* Debug */ = {
			isa = XCBuildConfiguration;
			buildSettings = {
				ALWAYS_SEARCH_USER_PATHS = NO;
				CLANG_ANALYZER_NONNULL = YES;
				CLANG_ANALYZER_NUMBER_OBJECT_CONVERSION = YES_AGGRESSIVE;
				CLANG_CXX_LANGUAGE_STANDARD = "gnu++14";
				CLANG_CXX_LIBRARY = "libc++";
				CLANG_ENABLE_MODULES = YES;
				CLANG_ENABLE_OBJC_ARC = YES;
				CLANG_ENABLE_OBJC_WEAK = YES;
				CLANG_WARN_BLOCK_CAPTURE_AUTORELEASING = YES;
				CLANG_WARN_BOOL_CONVERSION = YES;
				CLANG_WARN_COMMA = YES;
				CLANG_WARN_CONSTANT_CONVERSION = YES;
				CLANG_WARN_DEPRECATED_OBJC_IMPLEMENTATIONS = YES;
				CLANG_WARN_DIRECT_OBJC_ISA_USAGE = YES_ERROR;
				CLANG_WARN_DOCUMENTATION_COMMENTS = YES;
				CLANG_WARN_EMPTY_BODY = YES;
				CLANG_WARN_ENUM_CONVERSION = YES;
				CLANG_WARN_INFINITE_RECURSION = YES;
				CLANG_WARN_INT_CONVERSION = YES;
				CLANG_WARN_NON_LITERAL_NULL_CONVERSION = YES;
				CLANG_WARN_OBJC_IMPLICIT_RETAIN_SELF = YES;
				CLANG_WARN_OBJC_LITERAL_CONVERSION = YES;
				CLANG_WARN_OBJC_ROOT_CLASS = YES_ERROR;
				CLANG_WARN_QUOTED_INCLUDE_IN_FRAMEWORK_HEADER = YES;
				CLANG_WARN_RANGE_LOOP_ANALYSIS = YES;
				CLANG_WARN_STRICT_PROTOTYPES = YES;
				CLANG_WARN_SUSPICIOUS_MOVE = YES;
				CLANG_WARN_UNGUARDED_AVAILABILITY = YES_AGGRESSIVE;
				CLANG_WARN_UNREACHABLE_CODE = YES;
				CLANG_WARN__DUPLICATE_METHOD_MATCH = YES;
				COPY_PHASE_STRIP = NO;
				DEBUG_INFORMATION_FORMAT = dwarf;
				ENABLE_STRICT_OBJC_MSGSEND = YES;
				ENABLE_TESTABILITY = YES;
				GCC_C_LANGUAGE_STANDARD = gnu11;
				GCC_DYNAMIC_NO_PIC = NO;
				GCC_NO_COMMON_BLOCKS = YES;
				GCC_OPTIMIZATION_LEVEL = 0;
				GCC_PREPROCESSOR_DEFINITIONS = (
					"DEBUG=1",
					"$(inherited)",
				);
				GCC_WARN_64_TO_32_BIT_CONVERSION = YES;
				GCC_WARN_ABOUT_RETURN_TYPE = YES_ERROR;
				GCC_WARN_UNDECLARED_SELECTOR = YES;
				GCC_WARN_UNINITIALIZED_AUTOS = YES_AGGRESSIVE;
				GCC_WARN_UNUSED_FUNCTION = YES;
				GCC_WARN_UNUSED_VARIABLE = YES;
				IPHONEOS_DEPLOYMENT_TARGET = 14.4;
				MTL_ENABLE_DEBUG_INFO = INCLUDE_SOURCE;
				MTL_FAST_MATH = YES;
				ONLY_ACTIVE_ARCH = YES;
				SDKROOT = iphoneos;
				SWIFT_ACTIVE_COMPILATION_CONDITIONS = DEBUG;
				SWIFT_OPTIMIZATION_LEVEL = "-Onone";
			};
			name = Debug;
		};
		1164314E26568D0600DD22FD /* Release */ = {
			isa = XCBuildConfiguration;
			buildSettings = {
				ALWAYS_SEARCH_USER_PATHS = NO;
				CLANG_ANALYZER_NONNULL = YES;
				CLANG_ANALYZER_NUMBER_OBJECT_CONVERSION = YES_AGGRESSIVE;
				CLANG_CXX_LANGUAGE_STANDARD = "gnu++14";
				CLANG_CXX_LIBRARY = "libc++";
				CLANG_ENABLE_MODULES = YES;
				CLANG_ENABLE_OBJC_ARC = YES;
				CLANG_ENABLE_OBJC_WEAK = YES;
				CLANG_WARN_BLOCK_CAPTURE_AUTORELEASING = YES;
				CLANG_WARN_BOOL_CONVERSION = YES;
				CLANG_WARN_COMMA = YES;
				CLANG_WARN_CONSTANT_CONVERSION = YES;
				CLANG_WARN_DEPRECATED_OBJC_IMPLEMENTATIONS = YES;
				CLANG_WARN_DIRECT_OBJC_ISA_USAGE = YES_ERROR;
				CLANG_WARN_DOCUMENTATION_COMMENTS = YES;
				CLANG_WARN_EMPTY_BODY = YES;
				CLANG_WARN_ENUM_CONVERSION = YES;
				CLANG_WARN_INFINITE_RECURSION = YES;
				CLANG_WARN_INT_CONVERSION = YES;
				CLANG_WARN_NON_LITERAL_NULL_CONVERSION = YES;
				CLANG_WARN_OBJC_IMPLICIT_RETAIN_SELF = YES;
				CLANG_WARN_OBJC_LITERAL_CONVERSION = YES;
				CLANG_WARN_OBJC_ROOT_CLASS = YES_ERROR;
				CLANG_WARN_QUOTED_INCLUDE_IN_FRAMEWORK_HEADER = YES;
				CLANG_WARN_RANGE_LOOP_ANALYSIS = YES;
				CLANG_WARN_STRICT_PROTOTYPES = YES;
				CLANG_WARN_SUSPICIOUS_MOVE = YES;
				CLANG_WARN_UNGUARDED_AVAILABILITY = YES_AGGRESSIVE;
				CLANG_WARN_UNREACHABLE_CODE = YES;
				CLANG_WARN__DUPLICATE_METHOD_MATCH = YES;
				COPY_PHASE_STRIP = NO;
				DEBUG_INFORMATION_FORMAT = "dwarf-with-dsym";
				ENABLE_NS_ASSERTIONS = NO;
				ENABLE_STRICT_OBJC_MSGSEND = YES;
				GCC_C_LANGUAGE_STANDARD = gnu11;
				GCC_NO_COMMON_BLOCKS = YES;
				GCC_WARN_64_TO_32_BIT_CONVERSION = YES;
				GCC_WARN_ABOUT_RETURN_TYPE = YES_ERROR;
				GCC_WARN_UNDECLARED_SELECTOR = YES;
				GCC_WARN_UNINITIALIZED_AUTOS = YES_AGGRESSIVE;
				GCC_WARN_UNUSED_FUNCTION = YES;
				GCC_WARN_UNUSED_VARIABLE = YES;
				IPHONEOS_DEPLOYMENT_TARGET = 14.4;
				MTL_ENABLE_DEBUG_INFO = NO;
				MTL_FAST_MATH = YES;
				SDKROOT = iphoneos;
				SWIFT_COMPILATION_MODE = wholemodule;
				SWIFT_OPTIMIZATION_LEVEL = "-O";
				VALIDATE_PRODUCT = YES;
			};
			name = Release;
		};
		1164315026568D0600DD22FD /* Debug */ = {
			isa = XCBuildConfiguration;
			buildSettings = {
				ASSETCATALOG_COMPILER_APPICON_NAME = AppIcon;
				ASSETCATALOG_COMPILER_GLOBAL_ACCENT_COLOR_NAME = AccentColor;
				CODE_SIGN_STYLE = Automatic;
				DEVELOPMENT_TEAM = 5T446K389W;
				INFOPLIST_FILE = ConsolidationVI/Info.plist;
				LD_RUNPATH_SEARCH_PATHS = (
					"$(inherited)",
					"@executable_path/Frameworks",
				);
				PRODUCT_BUNDLE_IDENTIFIER = jamie.brannan.ConsolidationVI;
				PRODUCT_NAME = "$(TARGET_NAME)";
				SWIFT_VERSION = 5.0;
				TARGETED_DEVICE_FAMILY = "1,2";
			};
			name = Debug;
		};
		1164315126568D0600DD22FD /* Release */ = {
			isa = XCBuildConfiguration;
			buildSettings = {
				ASSETCATALOG_COMPILER_APPICON_NAME = AppIcon;
				ASSETCATALOG_COMPILER_GLOBAL_ACCENT_COLOR_NAME = AccentColor;
				CODE_SIGN_STYLE = Automatic;
				DEVELOPMENT_TEAM = 5T446K389W;
				INFOPLIST_FILE = ConsolidationVI/Info.plist;
				LD_RUNPATH_SEARCH_PATHS = (
					"$(inherited)",
					"@executable_path/Frameworks",
				);
				PRODUCT_BUNDLE_IDENTIFIER = jamie.brannan.ConsolidationVI;
				PRODUCT_NAME = "$(TARGET_NAME)";
				SWIFT_VERSION = 5.0;
				TARGETED_DEVICE_FAMILY = "1,2";
			};
			name = Release;
		};
/* End XCBuildConfiguration section */

/* Begin XCConfigurationList section */
		1164313626568D0400DD22FD /* Build configuration list for PBXProject "ConsolidationVI" */ = {
			isa = XCConfigurationList;
			buildConfigurations = (
				1164314D26568D0600DD22FD /* Debug */,
				1164314E26568D0600DD22FD /* Release */,
			);
			defaultConfigurationIsVisible = 0;
			defaultConfigurationName = Release;
		};
		1164314F26568D0600DD22FD /* Build configuration list for PBXNativeTarget "ConsolidationVI" */ = {
			isa = XCConfigurationList;
			buildConfigurations = (
				1164315026568D0600DD22FD /* Debug */,
				1164315126568D0600DD22FD /* Release */,
			);
			defaultConfigurationIsVisible = 0;
			defaultConfigurationName = Release;
		};
/* End XCConfigurationList section */
	};
	rootObject = 1164313326568D0400DD22FD /* Project object */;
}
